// !$*UTF8*$!
{
	archiveVersion = 1;
	classes = {
	};
	objectVersion = 56;
	objects = {

/* Begin PBXBuildFile section */
		0D46DEFA2923E1180045400A /* UIFont+.swift in Sources */ = {isa = PBXBuildFile; fileRef = 0D46DEF92923E1180045400A /* UIFont+.swift */; };
		0D4C11372927489D00B1C2B6 /* UIViewPreview.swift in Sources */ = {isa = PBXBuildFile; fileRef = 0D4C11362927489D00B1C2B6 /* UIViewPreview.swift */; };
		0D4C11392927495900B1C2B6 /* UIViewControllerPreview.swift in Sources */ = {isa = PBXBuildFile; fileRef = 0D4C11382927495900B1C2B6 /* UIViewControllerPreview.swift */; };
		0D6CA335292216A300E02393 /* AppDelegate.swift in Sources */ = {isa = PBXBuildFile; fileRef = 0D6CA334292216A300E02393 /* AppDelegate.swift */; };
		0D6CA337292216A300E02393 /* SceneDelegate.swift in Sources */ = {isa = PBXBuildFile; fileRef = 0D6CA336292216A300E02393 /* SceneDelegate.swift */; };
		0D6CA33E292216A400E02393 /* Assets.xcassets in Resources */ = {isa = PBXBuildFile; fileRef = 0D6CA33D292216A400E02393 /* Assets.xcassets */; };
		0D6CA341292216A400E02393 /* LaunchScreen.storyboard in Resources */ = {isa = PBXBuildFile; fileRef = 0D6CA33F292216A400E02393 /* LaunchScreen.storyboard */; };
		0D6CA34C292216A400E02393 /* SpaceCapsuleTests.swift in Sources */ = {isa = PBXBuildFile; fileRef = 0D6CA34B292216A400E02393 /* SpaceCapsuleTests.swift */; };
		0D6CA356292216A400E02393 /* SpaceCapsuleUITests.swift in Sources */ = {isa = PBXBuildFile; fileRef = 0D6CA355292216A400E02393 /* SpaceCapsuleUITests.swift */; };
		0D6CA358292216A400E02393 /* SpaceCapsuleUITestsLaunchTests.swift in Sources */ = {isa = PBXBuildFile; fileRef = 0D6CA357292216A400E02393 /* SpaceCapsuleUITestsLaunchTests.swift */; };
		0D6CA366292218EB00E02393 /* RxCocoa in Frameworks */ = {isa = PBXBuildFile; productRef = 0D6CA365292218EB00E02393 /* RxCocoa */; };
		0D6CA368292218EB00E02393 /* RxSwift in Frameworks */ = {isa = PBXBuildFile; productRef = 0D6CA367292218EB00E02393 /* RxSwift */; };
		0D6CA36B2922197D00E02393 /* SnapKit in Frameworks */ = {isa = PBXBuildFile; productRef = 0D6CA36A2922197D00E02393 /* SnapKit */; };
		0D706137292C630D0077787E /* DatePickerViewModel.swift in Sources */ = {isa = PBXBuildFile; fileRef = 0D706136292C630D0077787E /* DatePickerViewModel.swift */; };
		0D706139292C63140077787E /* DatePickerCoordinator.swift in Sources */ = {isa = PBXBuildFile; fileRef = 0D706138292C63140077787E /* DatePickerCoordinator.swift */; };
		0D707D5129222BEB00380B14 /* FirebaseAuth in Frameworks */ = {isa = PBXBuildFile; productRef = 0D707D5029222BEB00380B14 /* FirebaseAuth */; };
		0D707D5329222BEB00380B14 /* FirebaseFirestore in Frameworks */ = {isa = PBXBuildFile; productRef = 0D707D5229222BEB00380B14 /* FirebaseFirestore */; };
		0D707D5529222BEB00380B14 /* FirebaseStorage in Frameworks */ = {isa = PBXBuildFile; productRef = 0D707D5429222BEB00380B14 /* FirebaseStorage */; };
		0D77D7C9292B5D490038D054 /* SelectButton.swift in Sources */ = {isa = PBXBuildFile; fileRef = 0D77D7C8292B5D490038D054 /* SelectButton.swift */; };
		0D90DAEF29238B77000DCC84 /* CapsuleLocateView.swift in Sources */ = {isa = PBXBuildFile; fileRef = 0D90DAEE29238B77000DCC84 /* CapsuleLocateView.swift */; };
		0D90DAF129238B85000DCC84 /* CapsuleLocateCoordinator.swift in Sources */ = {isa = PBXBuildFile; fileRef = 0D90DAF029238B85000DCC84 /* CapsuleLocateCoordinator.swift */; };
		0D90DAF329238B90000DCC84 /* CapsuleCloseCoordinator.swift in Sources */ = {isa = PBXBuildFile; fileRef = 0D90DAF229238B90000DCC84 /* CapsuleCloseCoordinator.swift */; };
		0D90DAF7292397CF000DCC84 /* UIColor+.swift in Sources */ = {isa = PBXBuildFile; fileRef = 0D90DAF6292397CF000DCC84 /* UIColor+.swift */; };
		0D90DAF929239A81000DCC84 /* UIImage+.swift in Sources */ = {isa = PBXBuildFile; fileRef = 0D90DAF829239A81000DCC84 /* UIImage+.swift */; };
		0D90DAFE29239CA0000DCC84 /* OwnglyphHaesomChae.otf in Resources */ = {isa = PBXBuildFile; fileRef = 0D90DAFD29239C9F000DCC84 /* OwnglyphHaesomChae.otf */; };
		0D9D672E292486780038F529 /* ThemeLabel.swift in Sources */ = {isa = PBXBuildFile; fileRef = 0D9D672D292486780038F529 /* ThemeLabel.swift */; };
		0D9D67312924945D0038F529 /* FrameResource.swift in Sources */ = {isa = PBXBuildFile; fileRef = 0D9D67302924945D0038F529 /* FrameResource.swift */; };
		0DA6610D292778BE00CF3563 /* ThemeTextField.swift in Sources */ = {isa = PBXBuildFile; fileRef = 0DA6610C292778BE00CF3563 /* ThemeTextField.swift */; };
		0DA9F6912928E9B900454932 /* AddImageCell.swift in Sources */ = {isa = PBXBuildFile; fileRef = 0DA9F6902928E9B900454932 /* AddImageCell.swift */; };
		0DA9F6932928E9CB00454932 /* AddImageCollectionView.swift in Sources */ = {isa = PBXBuildFile; fileRef = 0DA9F6922928E9CB00454932 /* AddImageCollectionView.swift */; };
		0DA9F6952928EA4900454932 /* AddImageButtonCell.swift in Sources */ = {isa = PBXBuildFile; fileRef = 0DA9F6942928EA4900454932 /* AddImageButtonCell.swift */; };
		0DA9F6972928EB9000454932 /* UICollectionReusableView+.swift in Sources */ = {isa = PBXBuildFile; fileRef = 0DA9F6962928EB9000454932 /* UICollectionReusableView+.swift */; };
		0DCB22932924CE58002CB095 /* CustomTabBarController.swift in Sources */ = {isa = PBXBuildFile; fileRef = 0DCB22922924CE58002CB095 /* CustomTabBarController.swift */; };
		2800F97A292F1F060069EE7F /* CapsuleCellModel.swift in Sources */ = {isa = PBXBuildFile; fileRef = 2800F979292F1F060069EE7F /* CapsuleCellModel.swift */; };
		0DE786E1292BBDEC007EF260 /* DatePickerViewController.swift in Sources */ = {isa = PBXBuildFile; fileRef = 0DE786E0292BBDEC007EF260 /* DatePickerViewController.swift */; };
		28049CE529236EEC002389BD /* CapsuleAccessCoordinator.swift in Sources */ = {isa = PBXBuildFile; fileRef = 28049CE429236EEC002389BD /* CapsuleAccessCoordinator.swift */; };
		28049CE729237B2B002389BD /* BaseViewController.swift in Sources */ = {isa = PBXBuildFile; fileRef = 28049CE629237B2B002389BD /* BaseViewController.swift */; };
		28049CE929237BB2002389BD /* BaseView.swift in Sources */ = {isa = PBXBuildFile; fileRef = 28049CE829237BB2002389BD /* BaseView.swift */; };
		28049CEB29237E96002389BD /* BaseViewModel.swift in Sources */ = {isa = PBXBuildFile; fileRef = 28049CEA29237E96002389BD /* BaseViewModel.swift */; };
		28049CED29238216002389BD /* Bindable.swift in Sources */ = {isa = PBXBuildFile; fileRef = 28049CEC29238216002389BD /* Bindable.swift */; };
		2807BC0B292C658000288A5D /* CapsuleCell.swift in Sources */ = {isa = PBXBuildFile; fileRef = 2807BC0A292C658000288A5D /* CapsuleCell.swift */; };
		288A8E922923244D000229D2 /* Coordinator.swift in Sources */ = {isa = PBXBuildFile; fileRef = 288A8E912923244D000229D2 /* Coordinator.swift */; };
		288A8E9B29235A6E000229D2 /* SignInView.swift in Sources */ = {isa = PBXBuildFile; fileRef = 288A8E9A29235A6E000229D2 /* SignInView.swift */; };
		288A8E9D29235A80000229D2 /* SignInViewController.swift in Sources */ = {isa = PBXBuildFile; fileRef = 288A8E9C29235A80000229D2 /* SignInViewController.swift */; };
		288A8E9F29235A91000229D2 /* SignInViewModel.swift in Sources */ = {isa = PBXBuildFile; fileRef = 288A8E9E29235A91000229D2 /* SignInViewModel.swift */; };
		288A8EA129235AA1000229D2 /* SignInCoordinator.swift in Sources */ = {isa = PBXBuildFile; fileRef = 288A8EA029235AA1000229D2 /* SignInCoordinator.swift */; };
		288A8EA329235ADE000229D2 /* NicknameView.swift in Sources */ = {isa = PBXBuildFile; fileRef = 288A8EA229235ADE000229D2 /* NicknameView.swift */; };
		288A8EA529235AE8000229D2 /* NicknameViewController.swift in Sources */ = {isa = PBXBuildFile; fileRef = 288A8EA429235AE8000229D2 /* NicknameViewController.swift */; };
		288A8EA729235AF1000229D2 /* NicknameViewModel.swift in Sources */ = {isa = PBXBuildFile; fileRef = 288A8EA629235AF1000229D2 /* NicknameViewModel.swift */; };
		288A8EA929235AFC000229D2 /* NicknameCoordinator.swift in Sources */ = {isa = PBXBuildFile; fileRef = 288A8EA829235AFC000229D2 /* NicknameCoordinator.swift */; };
		288A8EB029235B46000229D2 /* TabBarCoordinator.swift in Sources */ = {isa = PBXBuildFile; fileRef = 288A8EAF29235B46000229D2 /* TabBarCoordinator.swift */; };
		288A8EB229235B5A000229D2 /* ProfileView.swift in Sources */ = {isa = PBXBuildFile; fileRef = 288A8EB129235B5A000229D2 /* ProfileView.swift */; };
		288A8EB429235B62000229D2 /* ProfileViewController.swift in Sources */ = {isa = PBXBuildFile; fileRef = 288A8EB329235B62000229D2 /* ProfileViewController.swift */; };
		288A8EB629235B69000229D2 /* ProfileViewModel.swift in Sources */ = {isa = PBXBuildFile; fileRef = 288A8EB529235B69000229D2 /* ProfileViewModel.swift */; };
		288A8EB829235B77000229D2 /* ProfileCoordinator.swift in Sources */ = {isa = PBXBuildFile; fileRef = 288A8EB729235B77000229D2 /* ProfileCoordinator.swift */; };
		288A8EBA29235B86000229D2 /* CapsuleListView.swift in Sources */ = {isa = PBXBuildFile; fileRef = 288A8EB929235B86000229D2 /* CapsuleListView.swift */; };
		288A8EBC29235B8E000229D2 /* CapsuleListViewController.swift in Sources */ = {isa = PBXBuildFile; fileRef = 288A8EBB29235B8E000229D2 /* CapsuleListViewController.swift */; };
		288A8EBE29235B97000229D2 /* CapsuleListViewModel.swift in Sources */ = {isa = PBXBuildFile; fileRef = 288A8EBD29235B97000229D2 /* CapsuleListViewModel.swift */; };
		288A8EC029235BA5000229D2 /* CapsuleListCoordinator.swift in Sources */ = {isa = PBXBuildFile; fileRef = 288A8EBF29235BA5000229D2 /* CapsuleListCoordinator.swift */; };
		288A8EC229235BAF000229D2 /* CapsuleMapView.swift in Sources */ = {isa = PBXBuildFile; fileRef = 288A8EC129235BAF000229D2 /* CapsuleMapView.swift */; };
		288A8EC429235BB7000229D2 /* CapsuleMapViewController.swift in Sources */ = {isa = PBXBuildFile; fileRef = 288A8EC329235BB7000229D2 /* CapsuleMapViewController.swift */; };
		288A8EC629235BBD000229D2 /* CapsuleMapViewModel.swift in Sources */ = {isa = PBXBuildFile; fileRef = 288A8EC529235BBD000229D2 /* CapsuleMapViewModel.swift */; };
		288A8EC829235BCE000229D2 /* CapsuleMapCoordinator.swift in Sources */ = {isa = PBXBuildFile; fileRef = 288A8EC729235BCE000229D2 /* CapsuleMapCoordinator.swift */; };
		288A8ECA29235BDC000229D2 /* HomeView.swift in Sources */ = {isa = PBXBuildFile; fileRef = 288A8EC929235BDC000229D2 /* HomeView.swift */; };
		288A8ECC29235BE9000229D2 /* HomeViewController.swift in Sources */ = {isa = PBXBuildFile; fileRef = 288A8ECB29235BE9000229D2 /* HomeViewController.swift */; };
		288A8ECE29235BEF000229D2 /* HomeViewModel.swift in Sources */ = {isa = PBXBuildFile; fileRef = 288A8ECD29235BEF000229D2 /* HomeViewModel.swift */; };
		288A8ED029235BF9000229D2 /* HomeCoordinator.swift in Sources */ = {isa = PBXBuildFile; fileRef = 288A8ECF29235BF9000229D2 /* HomeCoordinator.swift */; };
		288A8ED329235C65000229D2 /* CapsuleCreateView.swift in Sources */ = {isa = PBXBuildFile; fileRef = 288A8ED229235C65000229D2 /* CapsuleCreateView.swift */; };
		288A8ED529235C6F000229D2 /* CapsuleCreateViewController.swift in Sources */ = {isa = PBXBuildFile; fileRef = 288A8ED429235C6F000229D2 /* CapsuleCreateViewController.swift */; };
		288A8ED729235C77000229D2 /* CapsuleCreateViewModel.swift in Sources */ = {isa = PBXBuildFile; fileRef = 288A8ED629235C77000229D2 /* CapsuleCreateViewModel.swift */; };
		288A8ED929235C83000229D2 /* CapsuleCreateCoordinator.swift in Sources */ = {isa = PBXBuildFile; fileRef = 288A8ED829235C83000229D2 /* CapsuleCreateCoordinator.swift */; };
		288A8EE029235E36000229D2 /* CapsuleLocateViewController.swift in Sources */ = {isa = PBXBuildFile; fileRef = 288A8EDF29235E36000229D2 /* CapsuleLocateViewController.swift */; };
		288A8EE229235E3F000229D2 /* CapsuleLocateViewModel.swift in Sources */ = {isa = PBXBuildFile; fileRef = 288A8EE129235E3F000229D2 /* CapsuleLocateViewModel.swift */; };
		288A8EE629235FD5000229D2 /* CapsuleCloseView.swift in Sources */ = {isa = PBXBuildFile; fileRef = 288A8EE529235FD5000229D2 /* CapsuleCloseView.swift */; };
		288A8EE829235FE2000229D2 /* CapsuleCloseViewController.swift in Sources */ = {isa = PBXBuildFile; fileRef = 288A8EE729235FE2000229D2 /* CapsuleCloseViewController.swift */; };
		288A8EEA29235FF1000229D2 /* CapsuleCloseViewModel.swift in Sources */ = {isa = PBXBuildFile; fileRef = 288A8EE929235FF1000229D2 /* CapsuleCloseViewModel.swift */; };
		288A8EF129236075000229D2 /* CapsuleOpenView.swift in Sources */ = {isa = PBXBuildFile; fileRef = 288A8EF029236075000229D2 /* CapsuleOpenView.swift */; };
		288A8EF32923607D000229D2 /* CapsuleOpenViewController.swift in Sources */ = {isa = PBXBuildFile; fileRef = 288A8EF22923607D000229D2 /* CapsuleOpenViewController.swift */; };
		288A8EF529236086000229D2 /* CapsuleOpenViewModel.swift in Sources */ = {isa = PBXBuildFile; fileRef = 288A8EF429236086000229D2 /* CapsuleOpenViewModel.swift */; };
		288A8EF72923608F000229D2 /* CapsuleOpenCoordinator.swift in Sources */ = {isa = PBXBuildFile; fileRef = 288A8EF62923608F000229D2 /* CapsuleOpenCoordinator.swift */; };
		288A8EF92923609C000229D2 /* CapsuleDetailView.swift in Sources */ = {isa = PBXBuildFile; fileRef = 288A8EF82923609C000229D2 /* CapsuleDetailView.swift */; };
		288A8EFB292360A4000229D2 /* CapsuleDetailViewController.swift in Sources */ = {isa = PBXBuildFile; fileRef = 288A8EFA292360A4000229D2 /* CapsuleDetailViewController.swift */; };
		288A8EFD292360AB000229D2 /* CapsuleDetailViewModel.swift in Sources */ = {isa = PBXBuildFile; fileRef = 288A8EFC292360AB000229D2 /* CapsuleDetailViewModel.swift */; };
		288A8EFF292360BC000229D2 /* CapsuleDetailCoordinator.swift in Sources */ = {isa = PBXBuildFile; fileRef = 288A8EFE292360BC000229D2 /* CapsuleDetailCoordinator.swift */; };
		288A8F03292362CC000229D2 /* CapsuleAddCoordinator.swift in Sources */ = {isa = PBXBuildFile; fileRef = 288A8F02292362CC000229D2 /* CapsuleAddCoordinator.swift */; };
		288A8F0529236505000229D2 /* AppCoordinator.swift in Sources */ = {isa = PBXBuildFile; fileRef = 288A8F0429236505000229D2 /* AppCoordinator.swift */; };
		28C8C97C292DC360005615BB /* SortPolicySelectionViewController.swift in Sources */ = {isa = PBXBuildFile; fileRef = 28C8C97B292DC35F005615BB /* SortPolicySelectionViewController.swift */; };
		28C8C97E292DC371005615BB /* SortPolicySelectionViewModel.swift in Sources */ = {isa = PBXBuildFile; fileRef = 28C8C97D292DC371005615BB /* SortPolicySelectionViewModel.swift */; };
		28C8C980292DC382005615BB /* SortPolicySelectionCoordinator.swift in Sources */ = {isa = PBXBuildFile; fileRef = 28C8C97F292DC382005615BB /* SortPolicySelectionCoordinator.swift */; };
		28C8C982292DEECD005615BB /* SortPolicyCell.swift in Sources */ = {isa = PBXBuildFile; fileRef = 28C8C981292DEECD005615BB /* SortPolicyCell.swift */; };
		28C8C984292DF4EA005615BB /* SortPolicyHeaderView.swift in Sources */ = {isa = PBXBuildFile; fileRef = 28C8C983292DF4EA005615BB /* SortPolicyHeaderView.swift */; };
		4A05D0EC2924C04200A2EF50 /* GoogleService-Info.plist in Resources */ = {isa = PBXBuildFile; fileRef = 4A05D0EB2924C04200A2EF50 /* GoogleService-Info.plist */; };
		4A05D1052925CF2A00A2EF50 /* NetworkError.swift in Sources */ = {isa = PBXBuildFile; fileRef = 4A05D1042925CF2A00A2EF50 /* NetworkError.swift */; };
		4A9E91442925D51B00B7CC5C /* KakaoResponse.swift in Sources */ = {isa = PBXBuildFile; fileRef = 4A9E91422925D51B00B7CC5C /* KakaoResponse.swift */; };
		4A9E91452925D51B00B7CC5C /* RequestType.swift in Sources */ = {isa = PBXBuildFile; fileRef = 4A9E91432925D51B00B7CC5C /* RequestType.swift */; };
		599C19D2292B82D000517E93 /* LoadingViewController.swift in Sources */ = {isa = PBXBuildFile; fileRef = 599C19D1292B82D000517E93 /* LoadingViewController.swift */; };
		599C19D4292B838D00517E93 /* LoadingView.swift in Sources */ = {isa = PBXBuildFile; fileRef = 599C19D3292B838D00517E93 /* LoadingView.swift */; };
		599C1A2C292C9F5B00517E93 /* .swiftlint.yml in Resources */ = {isa = PBXBuildFile; fileRef = 599C1A2B292C9F5B00517E93 /* .swiftlint.yml */; };
		599C1A34292CC95000517E93 /* Key.swift in Sources */ = {isa = PBXBuildFile; fileRef = 599C1A33292CC94F00517E93 /* Key.swift */; };
		599C1A45292CC99A00517E93 /* KakaoAPIManager.swift in Sources */ = {isa = PBXBuildFile; fileRef = 599C1A36292CC99900517E93 /* KakaoAPIManager.swift */; };
		599C1A46292CC99A00517E93 /* NetworkManager.swift in Sources */ = {isa = PBXBuildFile; fileRef = 599C1A37292CC99900517E93 /* NetworkManager.swift */; };
		599C1A47292CC99A00517E93 /* UserDefaultsManager.swift in Sources */ = {isa = PBXBuildFile; fileRef = 599C1A38292CC99900517E93 /* UserDefaultsManager.swift */; };
		599C1A48292CC99A00517E93 /* KingReceiver.swift in Sources */ = {isa = PBXBuildFile; fileRef = 599C1A3A292CC99900517E93 /* KingReceiver.swift */; };
		599C1A49292CC99A00517E93 /* ImageCache.swift in Sources */ = {isa = PBXBuildFile; fileRef = 599C1A3C292CC99900517E93 /* ImageCache.swift */; };
		599C1A4A292CC99A00517E93 /* MemoryImageCache.swift in Sources */ = {isa = PBXBuildFile; fileRef = 599C1A3D292CC99900517E93 /* MemoryImageCache.swift */; };
		599C1A4B292CC99A00517E93 /* NoneImageCache.swift in Sources */ = {isa = PBXBuildFile; fileRef = 599C1A3E292CC99900517E93 /* NoneImageCache.swift */; };
		599C1A4C292CC99A00517E93 /* ImageCacheFactory.swift in Sources */ = {isa = PBXBuildFile; fileRef = 599C1A3F292CC99900517E93 /* ImageCacheFactory.swift */; };
		599C1A4D292CC99A00517E93 /* DiskImageCache.swift in Sources */ = {isa = PBXBuildFile; fileRef = 599C1A40292CC99900517E93 /* DiskImageCache.swift */; };
		599C1A4E292CC99A00517E93 /* KingReceiver+UIImageView.swift in Sources */ = {isa = PBXBuildFile; fileRef = 599C1A42292CC99900517E93 /* KingReceiver+UIImageView.swift */; };
		599C1A4F292CC99A00517E93 /* FirebaseAuthManager.swift in Sources */ = {isa = PBXBuildFile; fileRef = 599C1A43292CC99900517E93 /* FirebaseAuthManager.swift */; };
		599C1A50292CC99A00517E93 /* FirestoreManager.swift in Sources */ = {isa = PBXBuildFile; fileRef = 599C1A44292CC99900517E93 /* FirestoreManager.swift */; };
		599C1A51292CCB4500517E93 /* AuthCoordinator.swift in Sources */ = {isa = PBXBuildFile; fileRef = 288A8E96292359CF000229D2 /* AuthCoordinator.swift */; };
/* End PBXBuildFile section */

/* Begin PBXContainerItemProxy section */
		0D6CA348292216A400E02393 /* PBXContainerItemProxy */ = {
			isa = PBXContainerItemProxy;
			containerPortal = 0D6CA329292216A300E02393 /* Project object */;
			proxyType = 1;
			remoteGlobalIDString = 0D6CA330292216A300E02393;
			remoteInfo = SpaceCapsule;
		};
		0D6CA352292216A400E02393 /* PBXContainerItemProxy */ = {
			isa = PBXContainerItemProxy;
			containerPortal = 0D6CA329292216A300E02393 /* Project object */;
			proxyType = 1;
			remoteGlobalIDString = 0D6CA330292216A300E02393;
			remoteInfo = SpaceCapsule;
		};
/* End PBXContainerItemProxy section */

/* Begin PBXFileReference section */
		0D071117292A4FEC00068098 /* KingReceiver.swift */ = {isa = PBXFileReference; lastKnownFileType = sourcecode.swift; path = KingReceiver.swift; sourceTree = "<group>"; };
		0D07111B292A501200068098 /* ImageCacheFactory.swift */ = {isa = PBXFileReference; lastKnownFileType = sourcecode.swift; path = ImageCacheFactory.swift; sourceTree = "<group>"; };
		0D07111D292A501C00068098 /* ImageCache.swift */ = {isa = PBXFileReference; lastKnownFileType = sourcecode.swift; path = ImageCache.swift; sourceTree = "<group>"; };
		0D07111F292A502900068098 /* MemoryImageCache.swift */ = {isa = PBXFileReference; lastKnownFileType = sourcecode.swift; path = MemoryImageCache.swift; sourceTree = "<group>"; };
		0D071121292A503600068098 /* DiskImageCache.swift */ = {isa = PBXFileReference; lastKnownFileType = sourcecode.swift; path = DiskImageCache.swift; sourceTree = "<group>"; };
		0D071123292A504000068098 /* NoneImageCache.swift */ = {isa = PBXFileReference; lastKnownFileType = sourcecode.swift; path = NoneImageCache.swift; sourceTree = "<group>"; };
		0D071125292A505400068098 /* KingReceiver+UIImageView.swift */ = {isa = PBXFileReference; lastKnownFileType = sourcecode.swift; path = "KingReceiver+UIImageView.swift"; sourceTree = "<group>"; };
		0D24C1F4292B84DD00007E75 /* FirestoreManager.swift */ = {isa = PBXFileReference; fileEncoding = 4; lastKnownFileType = sourcecode.swift; path = FirestoreManager.swift; sourceTree = "<group>"; };
		0D24C1F5292B84DD00007E75 /* NetworkManager.swift */ = {isa = PBXFileReference; fileEncoding = 4; lastKnownFileType = sourcecode.swift; path = NetworkManager.swift; sourceTree = "<group>"; };
		0D24C1F6292B84DD00007E75 /* UserDefaultsManager.swift */ = {isa = PBXFileReference; fileEncoding = 4; lastKnownFileType = sourcecode.swift; path = UserDefaultsManager.swift; sourceTree = "<group>"; };
		0D24C1F7292B84DD00007E75 /* FirebaseAuthManager.swift */ = {isa = PBXFileReference; fileEncoding = 4; lastKnownFileType = sourcecode.swift; path = FirebaseAuthManager.swift; sourceTree = "<group>"; };
		0D24C1F8292B84DD00007E75 /* KakaoAPIManager.swift */ = {isa = PBXFileReference; fileEncoding = 4; lastKnownFileType = sourcecode.swift; path = KakaoAPIManager.swift; sourceTree = "<group>"; };
		0D24C1FF292B84EB00007E75 /* KingReceiver.swift */ = {isa = PBXFileReference; fileEncoding = 4; lastKnownFileType = sourcecode.swift; path = KingReceiver.swift; sourceTree = "<group>"; };
		0D24C202292B84F600007E75 /* KingReceiver+UIImageView.swift */ = {isa = PBXFileReference; fileEncoding = 4; lastKnownFileType = sourcecode.swift; path = "KingReceiver+UIImageView.swift"; sourceTree = "<group>"; };
		0D24C205292B850400007E75 /* DiskImageCache.swift */ = {isa = PBXFileReference; fileEncoding = 4; lastKnownFileType = sourcecode.swift; path = DiskImageCache.swift; sourceTree = "<group>"; };
		0D24C206292B850400007E75 /* MemoryImageCache.swift */ = {isa = PBXFileReference; fileEncoding = 4; lastKnownFileType = sourcecode.swift; path = MemoryImageCache.swift; sourceTree = "<group>"; };
		0D24C207292B850400007E75 /* ImageCacheFactory.swift */ = {isa = PBXFileReference; fileEncoding = 4; lastKnownFileType = sourcecode.swift; path = ImageCacheFactory.swift; sourceTree = "<group>"; };
		0D24C208292B850400007E75 /* ImageCache.swift */ = {isa = PBXFileReference; fileEncoding = 4; lastKnownFileType = sourcecode.swift; path = ImageCache.swift; sourceTree = "<group>"; };
		0D24C209292B850400007E75 /* NoneImageCache.swift */ = {isa = PBXFileReference; fileEncoding = 4; lastKnownFileType = sourcecode.swift; path = NoneImageCache.swift; sourceTree = "<group>"; };
		0D46DEF92923E1180045400A /* UIFont+.swift */ = {isa = PBXFileReference; lastKnownFileType = sourcecode.swift; path = "UIFont+.swift"; sourceTree = "<group>"; };
		0D4C11362927489D00B1C2B6 /* UIViewPreview.swift */ = {isa = PBXFileReference; lastKnownFileType = sourcecode.swift; path = UIViewPreview.swift; sourceTree = "<group>"; };
		0D4C11382927495900B1C2B6 /* UIViewControllerPreview.swift */ = {isa = PBXFileReference; lastKnownFileType = sourcecode.swift; path = UIViewControllerPreview.swift; sourceTree = "<group>"; };
		0D6CA331292216A300E02393 /* SpaceCapsule.app */ = {isa = PBXFileReference; explicitFileType = wrapper.application; includeInIndex = 0; path = SpaceCapsule.app; sourceTree = BUILT_PRODUCTS_DIR; };
		0D6CA334292216A300E02393 /* AppDelegate.swift */ = {isa = PBXFileReference; lastKnownFileType = sourcecode.swift; path = AppDelegate.swift; sourceTree = "<group>"; };
		0D6CA336292216A300E02393 /* SceneDelegate.swift */ = {isa = PBXFileReference; lastKnownFileType = sourcecode.swift; path = SceneDelegate.swift; sourceTree = "<group>"; };
		0D6CA33D292216A400E02393 /* Assets.xcassets */ = {isa = PBXFileReference; lastKnownFileType = folder.assetcatalog; path = Assets.xcassets; sourceTree = "<group>"; };
		0D6CA340292216A400E02393 /* Base */ = {isa = PBXFileReference; lastKnownFileType = file.storyboard; name = Base; path = Base.lproj/LaunchScreen.storyboard; sourceTree = "<group>"; };
		0D6CA342292216A400E02393 /* Info.plist */ = {isa = PBXFileReference; lastKnownFileType = text.plist.xml; path = Info.plist; sourceTree = "<group>"; };
		0D6CA347292216A400E02393 /* SpaceCapsuleTests.xctest */ = {isa = PBXFileReference; explicitFileType = wrapper.cfbundle; includeInIndex = 0; path = SpaceCapsuleTests.xctest; sourceTree = BUILT_PRODUCTS_DIR; };
		0D6CA34B292216A400E02393 /* SpaceCapsuleTests.swift */ = {isa = PBXFileReference; lastKnownFileType = sourcecode.swift; path = SpaceCapsuleTests.swift; sourceTree = "<group>"; };
		0D6CA351292216A400E02393 /* SpaceCapsuleUITests.xctest */ = {isa = PBXFileReference; explicitFileType = wrapper.cfbundle; includeInIndex = 0; path = SpaceCapsuleUITests.xctest; sourceTree = BUILT_PRODUCTS_DIR; };
		0D6CA355292216A400E02393 /* SpaceCapsuleUITests.swift */ = {isa = PBXFileReference; lastKnownFileType = sourcecode.swift; path = SpaceCapsuleUITests.swift; sourceTree = "<group>"; };
		0D6CA357292216A400E02393 /* SpaceCapsuleUITestsLaunchTests.swift */ = {isa = PBXFileReference; lastKnownFileType = sourcecode.swift; path = SpaceCapsuleUITestsLaunchTests.swift; sourceTree = "<group>"; };
		0D706136292C630D0077787E /* DatePickerViewModel.swift */ = {isa = PBXFileReference; lastKnownFileType = sourcecode.swift; path = DatePickerViewModel.swift; sourceTree = "<group>"; };
		0D706138292C63140077787E /* DatePickerCoordinator.swift */ = {isa = PBXFileReference; lastKnownFileType = sourcecode.swift; path = DatePickerCoordinator.swift; sourceTree = "<group>"; };
		0D77D7C8292B5D490038D054 /* SelectButton.swift */ = {isa = PBXFileReference; lastKnownFileType = sourcecode.swift; path = SelectButton.swift; sourceTree = "<group>"; };
		0D90DAEE29238B77000DCC84 /* CapsuleLocateView.swift */ = {isa = PBXFileReference; lastKnownFileType = sourcecode.swift; path = CapsuleLocateView.swift; sourceTree = "<group>"; };
		0D90DAF029238B85000DCC84 /* CapsuleLocateCoordinator.swift */ = {isa = PBXFileReference; lastKnownFileType = sourcecode.swift; path = CapsuleLocateCoordinator.swift; sourceTree = "<group>"; };
		0D90DAF229238B90000DCC84 /* CapsuleCloseCoordinator.swift */ = {isa = PBXFileReference; lastKnownFileType = sourcecode.swift; path = CapsuleCloseCoordinator.swift; sourceTree = "<group>"; };
		0D90DAF6292397CF000DCC84 /* UIColor+.swift */ = {isa = PBXFileReference; lastKnownFileType = sourcecode.swift; path = "UIColor+.swift"; sourceTree = "<group>"; };
		0D90DAF829239A81000DCC84 /* UIImage+.swift */ = {isa = PBXFileReference; lastKnownFileType = sourcecode.swift; path = "UIImage+.swift"; sourceTree = "<group>"; };
		0D90DAFD29239C9F000DCC84 /* OwnglyphHaesomChae.otf */ = {isa = PBXFileReference; lastKnownFileType = file; path = OwnglyphHaesomChae.otf; sourceTree = "<group>"; };
		0D9D672D292486780038F529 /* ThemeLabel.swift */ = {isa = PBXFileReference; lastKnownFileType = sourcecode.swift; path = ThemeLabel.swift; sourceTree = "<group>"; };
		0D9D67302924945D0038F529 /* FrameResource.swift */ = {isa = PBXFileReference; lastKnownFileType = sourcecode.swift; path = FrameResource.swift; sourceTree = "<group>"; };
		0DA6610C292778BE00CF3563 /* ThemeTextField.swift */ = {isa = PBXFileReference; lastKnownFileType = sourcecode.swift; path = ThemeTextField.swift; sourceTree = "<group>"; };
		0DA9F6902928E9B900454932 /* AddImageCell.swift */ = {isa = PBXFileReference; lastKnownFileType = sourcecode.swift; path = AddImageCell.swift; sourceTree = "<group>"; };
		0DA9F6922928E9CB00454932 /* AddImageCollectionView.swift */ = {isa = PBXFileReference; lastKnownFileType = sourcecode.swift; path = AddImageCollectionView.swift; sourceTree = "<group>"; };
		0DA9F6942928EA4900454932 /* AddImageButtonCell.swift */ = {isa = PBXFileReference; lastKnownFileType = sourcecode.swift; path = AddImageButtonCell.swift; sourceTree = "<group>"; };
		0DA9F6962928EB9000454932 /* UICollectionReusableView+.swift */ = {isa = PBXFileReference; lastKnownFileType = sourcecode.swift; path = "UICollectionReusableView+.swift"; sourceTree = "<group>"; };
		0DCB22922924CE58002CB095 /* CustomTabBarController.swift */ = {isa = PBXFileReference; lastKnownFileType = sourcecode.swift; path = CustomTabBarController.swift; sourceTree = "<group>"; };
		2800F979292F1F060069EE7F /* CapsuleCellModel.swift */ = {isa = PBXFileReference; lastKnownFileType = sourcecode.swift; path = CapsuleCellModel.swift; sourceTree = "<group>"; };
		0DE786E0292BBDEC007EF260 /* DatePickerViewController.swift */ = {isa = PBXFileReference; lastKnownFileType = sourcecode.swift; path = DatePickerViewController.swift; sourceTree = "<group>"; };
		28049CE429236EEC002389BD /* CapsuleAccessCoordinator.swift */ = {isa = PBXFileReference; lastKnownFileType = sourcecode.swift; path = CapsuleAccessCoordinator.swift; sourceTree = "<group>"; };
		28049CE629237B2B002389BD /* BaseViewController.swift */ = {isa = PBXFileReference; lastKnownFileType = sourcecode.swift; path = BaseViewController.swift; sourceTree = "<group>"; };
		28049CE829237BB2002389BD /* BaseView.swift */ = {isa = PBXFileReference; lastKnownFileType = sourcecode.swift; path = BaseView.swift; sourceTree = "<group>"; };
		28049CEA29237E96002389BD /* BaseViewModel.swift */ = {isa = PBXFileReference; lastKnownFileType = sourcecode.swift; path = BaseViewModel.swift; sourceTree = "<group>"; };
		28049CEC29238216002389BD /* Bindable.swift */ = {isa = PBXFileReference; lastKnownFileType = sourcecode.swift; path = Bindable.swift; sourceTree = "<group>"; };
		2807BC0A292C658000288A5D /* CapsuleCell.swift */ = {isa = PBXFileReference; lastKnownFileType = sourcecode.swift; path = CapsuleCell.swift; sourceTree = "<group>"; };
		288A8E912923244D000229D2 /* Coordinator.swift */ = {isa = PBXFileReference; lastKnownFileType = sourcecode.swift; path = Coordinator.swift; sourceTree = "<group>"; };
		288A8E96292359CF000229D2 /* AuthCoordinator.swift */ = {isa = PBXFileReference; lastKnownFileType = sourcecode.swift; path = AuthCoordinator.swift; sourceTree = "<group>"; };
		288A8E9A29235A6E000229D2 /* SignInView.swift */ = {isa = PBXFileReference; lastKnownFileType = sourcecode.swift; path = SignInView.swift; sourceTree = "<group>"; };
		288A8E9C29235A80000229D2 /* SignInViewController.swift */ = {isa = PBXFileReference; lastKnownFileType = sourcecode.swift; path = SignInViewController.swift; sourceTree = "<group>"; };
		288A8E9E29235A91000229D2 /* SignInViewModel.swift */ = {isa = PBXFileReference; lastKnownFileType = sourcecode.swift; path = SignInViewModel.swift; sourceTree = "<group>"; };
		288A8EA029235AA1000229D2 /* SignInCoordinator.swift */ = {isa = PBXFileReference; lastKnownFileType = sourcecode.swift; path = SignInCoordinator.swift; sourceTree = "<group>"; };
		288A8EA229235ADE000229D2 /* NicknameView.swift */ = {isa = PBXFileReference; lastKnownFileType = sourcecode.swift; path = NicknameView.swift; sourceTree = "<group>"; };
		288A8EA429235AE8000229D2 /* NicknameViewController.swift */ = {isa = PBXFileReference; lastKnownFileType = sourcecode.swift; path = NicknameViewController.swift; sourceTree = "<group>"; };
		288A8EA629235AF1000229D2 /* NicknameViewModel.swift */ = {isa = PBXFileReference; lastKnownFileType = sourcecode.swift; path = NicknameViewModel.swift; sourceTree = "<group>"; };
		288A8EA829235AFC000229D2 /* NicknameCoordinator.swift */ = {isa = PBXFileReference; lastKnownFileType = sourcecode.swift; path = NicknameCoordinator.swift; sourceTree = "<group>"; };
		288A8EAF29235B46000229D2 /* TabBarCoordinator.swift */ = {isa = PBXFileReference; lastKnownFileType = sourcecode.swift; path = TabBarCoordinator.swift; sourceTree = "<group>"; };
		288A8EB129235B5A000229D2 /* ProfileView.swift */ = {isa = PBXFileReference; lastKnownFileType = sourcecode.swift; path = ProfileView.swift; sourceTree = "<group>"; };
		288A8EB329235B62000229D2 /* ProfileViewController.swift */ = {isa = PBXFileReference; lastKnownFileType = sourcecode.swift; path = ProfileViewController.swift; sourceTree = "<group>"; };
		288A8EB529235B69000229D2 /* ProfileViewModel.swift */ = {isa = PBXFileReference; lastKnownFileType = sourcecode.swift; path = ProfileViewModel.swift; sourceTree = "<group>"; };
		288A8EB729235B77000229D2 /* ProfileCoordinator.swift */ = {isa = PBXFileReference; lastKnownFileType = sourcecode.swift; path = ProfileCoordinator.swift; sourceTree = "<group>"; };
		288A8EB929235B86000229D2 /* CapsuleListView.swift */ = {isa = PBXFileReference; lastKnownFileType = sourcecode.swift; path = CapsuleListView.swift; sourceTree = "<group>"; };
		288A8EBB29235B8E000229D2 /* CapsuleListViewController.swift */ = {isa = PBXFileReference; lastKnownFileType = sourcecode.swift; path = CapsuleListViewController.swift; sourceTree = "<group>"; };
		288A8EBD29235B97000229D2 /* CapsuleListViewModel.swift */ = {isa = PBXFileReference; lastKnownFileType = sourcecode.swift; path = CapsuleListViewModel.swift; sourceTree = "<group>"; };
		288A8EBF29235BA5000229D2 /* CapsuleListCoordinator.swift */ = {isa = PBXFileReference; lastKnownFileType = sourcecode.swift; path = CapsuleListCoordinator.swift; sourceTree = "<group>"; };
		288A8EC129235BAF000229D2 /* CapsuleMapView.swift */ = {isa = PBXFileReference; lastKnownFileType = sourcecode.swift; path = CapsuleMapView.swift; sourceTree = "<group>"; };
		288A8EC329235BB7000229D2 /* CapsuleMapViewController.swift */ = {isa = PBXFileReference; lastKnownFileType = sourcecode.swift; path = CapsuleMapViewController.swift; sourceTree = "<group>"; };
		288A8EC529235BBD000229D2 /* CapsuleMapViewModel.swift */ = {isa = PBXFileReference; lastKnownFileType = sourcecode.swift; path = CapsuleMapViewModel.swift; sourceTree = "<group>"; };
		288A8EC729235BCE000229D2 /* CapsuleMapCoordinator.swift */ = {isa = PBXFileReference; lastKnownFileType = sourcecode.swift; path = CapsuleMapCoordinator.swift; sourceTree = "<group>"; };
		288A8EC929235BDC000229D2 /* HomeView.swift */ = {isa = PBXFileReference; lastKnownFileType = sourcecode.swift; path = HomeView.swift; sourceTree = "<group>"; };
		288A8ECB29235BE9000229D2 /* HomeViewController.swift */ = {isa = PBXFileReference; lastKnownFileType = sourcecode.swift; path = HomeViewController.swift; sourceTree = "<group>"; };
		288A8ECD29235BEF000229D2 /* HomeViewModel.swift */ = {isa = PBXFileReference; lastKnownFileType = sourcecode.swift; path = HomeViewModel.swift; sourceTree = "<group>"; };
		288A8ECF29235BF9000229D2 /* HomeCoordinator.swift */ = {isa = PBXFileReference; lastKnownFileType = sourcecode.swift; path = HomeCoordinator.swift; sourceTree = "<group>"; };
		288A8ED229235C65000229D2 /* CapsuleCreateView.swift */ = {isa = PBXFileReference; lastKnownFileType = sourcecode.swift; path = CapsuleCreateView.swift; sourceTree = "<group>"; };
		288A8ED429235C6F000229D2 /* CapsuleCreateViewController.swift */ = {isa = PBXFileReference; lastKnownFileType = sourcecode.swift; path = CapsuleCreateViewController.swift; sourceTree = "<group>"; };
		288A8ED629235C77000229D2 /* CapsuleCreateViewModel.swift */ = {isa = PBXFileReference; lastKnownFileType = sourcecode.swift; path = CapsuleCreateViewModel.swift; sourceTree = "<group>"; };
		288A8ED829235C83000229D2 /* CapsuleCreateCoordinator.swift */ = {isa = PBXFileReference; lastKnownFileType = sourcecode.swift; path = CapsuleCreateCoordinator.swift; sourceTree = "<group>"; };
		288A8EDF29235E36000229D2 /* CapsuleLocateViewController.swift */ = {isa = PBXFileReference; lastKnownFileType = sourcecode.swift; path = CapsuleLocateViewController.swift; sourceTree = "<group>"; };
		288A8EE129235E3F000229D2 /* CapsuleLocateViewModel.swift */ = {isa = PBXFileReference; lastKnownFileType = sourcecode.swift; path = CapsuleLocateViewModel.swift; sourceTree = "<group>"; };
		288A8EE529235FD5000229D2 /* CapsuleCloseView.swift */ = {isa = PBXFileReference; lastKnownFileType = sourcecode.swift; path = CapsuleCloseView.swift; sourceTree = "<group>"; };
		288A8EE729235FE2000229D2 /* CapsuleCloseViewController.swift */ = {isa = PBXFileReference; lastKnownFileType = sourcecode.swift; path = CapsuleCloseViewController.swift; sourceTree = "<group>"; };
		288A8EE929235FF1000229D2 /* CapsuleCloseViewModel.swift */ = {isa = PBXFileReference; lastKnownFileType = sourcecode.swift; path = CapsuleCloseViewModel.swift; sourceTree = "<group>"; };
		288A8EF029236075000229D2 /* CapsuleOpenView.swift */ = {isa = PBXFileReference; lastKnownFileType = sourcecode.swift; path = CapsuleOpenView.swift; sourceTree = "<group>"; };
		288A8EF22923607D000229D2 /* CapsuleOpenViewController.swift */ = {isa = PBXFileReference; lastKnownFileType = sourcecode.swift; path = CapsuleOpenViewController.swift; sourceTree = "<group>"; };
		288A8EF429236086000229D2 /* CapsuleOpenViewModel.swift */ = {isa = PBXFileReference; lastKnownFileType = sourcecode.swift; path = CapsuleOpenViewModel.swift; sourceTree = "<group>"; };
		288A8EF62923608F000229D2 /* CapsuleOpenCoordinator.swift */ = {isa = PBXFileReference; lastKnownFileType = sourcecode.swift; path = CapsuleOpenCoordinator.swift; sourceTree = "<group>"; };
		288A8EF82923609C000229D2 /* CapsuleDetailView.swift */ = {isa = PBXFileReference; lastKnownFileType = sourcecode.swift; path = CapsuleDetailView.swift; sourceTree = "<group>"; };
		288A8EFA292360A4000229D2 /* CapsuleDetailViewController.swift */ = {isa = PBXFileReference; lastKnownFileType = sourcecode.swift; path = CapsuleDetailViewController.swift; sourceTree = "<group>"; };
		288A8EFC292360AB000229D2 /* CapsuleDetailViewModel.swift */ = {isa = PBXFileReference; lastKnownFileType = sourcecode.swift; path = CapsuleDetailViewModel.swift; sourceTree = "<group>"; };
		288A8EFE292360BC000229D2 /* CapsuleDetailCoordinator.swift */ = {isa = PBXFileReference; lastKnownFileType = sourcecode.swift; path = CapsuleDetailCoordinator.swift; sourceTree = "<group>"; };
		288A8F02292362CC000229D2 /* CapsuleAddCoordinator.swift */ = {isa = PBXFileReference; lastKnownFileType = sourcecode.swift; path = CapsuleAddCoordinator.swift; sourceTree = "<group>"; };
		288A8F0429236505000229D2 /* AppCoordinator.swift */ = {isa = PBXFileReference; lastKnownFileType = sourcecode.swift; path = AppCoordinator.swift; sourceTree = "<group>"; };
		28C8C97B292DC35F005615BB /* SortPolicySelectionViewController.swift */ = {isa = PBXFileReference; lastKnownFileType = sourcecode.swift; path = SortPolicySelectionViewController.swift; sourceTree = "<group>"; };
		28C8C97D292DC371005615BB /* SortPolicySelectionViewModel.swift */ = {isa = PBXFileReference; lastKnownFileType = sourcecode.swift; path = SortPolicySelectionViewModel.swift; sourceTree = "<group>"; };
		28C8C97F292DC382005615BB /* SortPolicySelectionCoordinator.swift */ = {isa = PBXFileReference; lastKnownFileType = sourcecode.swift; path = SortPolicySelectionCoordinator.swift; sourceTree = "<group>"; };
		28C8C981292DEECD005615BB /* SortPolicyCell.swift */ = {isa = PBXFileReference; lastKnownFileType = sourcecode.swift; path = SortPolicyCell.swift; sourceTree = "<group>"; };
		28C8C983292DF4EA005615BB /* SortPolicyHeaderView.swift */ = {isa = PBXFileReference; lastKnownFileType = sourcecode.swift; path = SortPolicyHeaderView.swift; sourceTree = "<group>"; };
		4A05D0EB2924C04200A2EF50 /* GoogleService-Info.plist */ = {isa = PBXFileReference; fileEncoding = 4; lastKnownFileType = text.plist.xml; path = "GoogleService-Info.plist"; sourceTree = "<group>"; };
		4A05D1042925CF2A00A2EF50 /* NetworkError.swift */ = {isa = PBXFileReference; lastKnownFileType = sourcecode.swift; path = NetworkError.swift; sourceTree = "<group>"; };
		4A05D1072925CF4400A2EF50 /* NetworkManager.swift */ = {isa = PBXFileReference; lastKnownFileType = sourcecode.swift; path = NetworkManager.swift; sourceTree = "<group>"; };
		4A9E913E2925D50D00B7CC5C /* KakaoAPIManager.swift */ = {isa = PBXFileReference; fileEncoding = 4; lastKnownFileType = sourcecode.swift; path = KakaoAPIManager.swift; sourceTree = "<group>"; };
		4A9E91422925D51B00B7CC5C /* KakaoResponse.swift */ = {isa = PBXFileReference; fileEncoding = 4; lastKnownFileType = sourcecode.swift; path = KakaoResponse.swift; sourceTree = "<group>"; };
		4A9E91432925D51B00B7CC5C /* RequestType.swift */ = {isa = PBXFileReference; fileEncoding = 4; lastKnownFileType = sourcecode.swift; path = RequestType.swift; sourceTree = "<group>"; };
		59427A3929262BB2002657C3 /* FirebaseAuthManager.swift */ = {isa = PBXFileReference; lastKnownFileType = sourcecode.swift; path = FirebaseAuthManager.swift; sourceTree = "<group>"; };
		59427A3B292656CA002657C3 /* FirestoreManager.swift */ = {isa = PBXFileReference; lastKnownFileType = sourcecode.swift; path = FirestoreManager.swift; sourceTree = "<group>"; };
		59427A3D29290085002657C3 /* UserDefaultsManager.swift */ = {isa = PBXFileReference; lastKnownFileType = sourcecode.swift; path = UserDefaultsManager.swift; sourceTree = "<group>"; };
		599C19D1292B82D000517E93 /* LoadingViewController.swift */ = {isa = PBXFileReference; lastKnownFileType = sourcecode.swift; path = "Loading\U0010ViewController.swift"; sourceTree = "<group>"; };
		599C19D3292B838D00517E93 /* LoadingView.swift */ = {isa = PBXFileReference; lastKnownFileType = sourcecode.swift; path = LoadingView.swift; sourceTree = "<group>"; };
		599C1A0D292C9C1F00517E93 /* KakaoAPIManager.swift */ = {isa = PBXFileReference; fileEncoding = 4; lastKnownFileType = sourcecode.swift; path = KakaoAPIManager.swift; sourceTree = "<group>"; };
		599C1A0E292C9C1F00517E93 /* NetworkManager.swift */ = {isa = PBXFileReference; fileEncoding = 4; lastKnownFileType = sourcecode.swift; path = NetworkManager.swift; sourceTree = "<group>"; };
		599C1A0F292C9C1F00517E93 /* UserDefaultsManager.swift */ = {isa = PBXFileReference; fileEncoding = 4; lastKnownFileType = sourcecode.swift; path = UserDefaultsManager.swift; sourceTree = "<group>"; };
		599C1A11292C9C1F00517E93 /* KingReceiver.swift */ = {isa = PBXFileReference; fileEncoding = 4; lastKnownFileType = sourcecode.swift; path = KingReceiver.swift; sourceTree = "<group>"; };
		599C1A13292C9C1F00517E93 /* ImageCache.swift */ = {isa = PBXFileReference; fileEncoding = 4; lastKnownFileType = sourcecode.swift; path = ImageCache.swift; sourceTree = "<group>"; };
		599C1A14292C9C1F00517E93 /* MemoryImageCache.swift */ = {isa = PBXFileReference; fileEncoding = 4; lastKnownFileType = sourcecode.swift; path = MemoryImageCache.swift; sourceTree = "<group>"; };
		599C1A15292C9C1F00517E93 /* NoneImageCache.swift */ = {isa = PBXFileReference; fileEncoding = 4; lastKnownFileType = sourcecode.swift; path = NoneImageCache.swift; sourceTree = "<group>"; };
		599C1A16292C9C1F00517E93 /* ImageCacheFactory.swift */ = {isa = PBXFileReference; fileEncoding = 4; lastKnownFileType = sourcecode.swift; path = ImageCacheFactory.swift; sourceTree = "<group>"; };
		599C1A17292C9C1F00517E93 /* DiskImageCache.swift */ = {isa = PBXFileReference; fileEncoding = 4; lastKnownFileType = sourcecode.swift; path = DiskImageCache.swift; sourceTree = "<group>"; };
		599C1A19292C9C1F00517E93 /* KingReceiver+UIImageView.swift */ = {isa = PBXFileReference; fileEncoding = 4; lastKnownFileType = sourcecode.swift; path = "KingReceiver+UIImageView.swift"; sourceTree = "<group>"; };
		599C1A1A292C9C1F00517E93 /* FirebaseAuthManager.swift */ = {isa = PBXFileReference; fileEncoding = 4; lastKnownFileType = sourcecode.swift; path = FirebaseAuthManager.swift; sourceTree = "<group>"; };
		599C1A1B292C9C1F00517E93 /* FirestoreManager.swift */ = {isa = PBXFileReference; fileEncoding = 4; lastKnownFileType = sourcecode.swift; path = FirestoreManager.swift; sourceTree = "<group>"; };
		599C1A2B292C9F5B00517E93 /* .swiftlint.yml */ = {isa = PBXFileReference; fileEncoding = 4; lastKnownFileType = text.yaml; path = .swiftlint.yml; sourceTree = "<group>"; };
		599C1A33292CC94F00517E93 /* Key.swift */ = {isa = PBXFileReference; fileEncoding = 4; lastKnownFileType = sourcecode.swift; path = Key.swift; sourceTree = "<group>"; };
		599C1A36292CC99900517E93 /* KakaoAPIManager.swift */ = {isa = PBXFileReference; fileEncoding = 4; lastKnownFileType = sourcecode.swift; path = KakaoAPIManager.swift; sourceTree = "<group>"; };
		599C1A37292CC99900517E93 /* NetworkManager.swift */ = {isa = PBXFileReference; fileEncoding = 4; lastKnownFileType = sourcecode.swift; path = NetworkManager.swift; sourceTree = "<group>"; };
		599C1A38292CC99900517E93 /* UserDefaultsManager.swift */ = {isa = PBXFileReference; fileEncoding = 4; lastKnownFileType = sourcecode.swift; path = UserDefaultsManager.swift; sourceTree = "<group>"; };
		599C1A3A292CC99900517E93 /* KingReceiver.swift */ = {isa = PBXFileReference; fileEncoding = 4; lastKnownFileType = sourcecode.swift; path = KingReceiver.swift; sourceTree = "<group>"; };
		599C1A3C292CC99900517E93 /* ImageCache.swift */ = {isa = PBXFileReference; fileEncoding = 4; lastKnownFileType = sourcecode.swift; path = ImageCache.swift; sourceTree = "<group>"; };
		599C1A3D292CC99900517E93 /* MemoryImageCache.swift */ = {isa = PBXFileReference; fileEncoding = 4; lastKnownFileType = sourcecode.swift; path = MemoryImageCache.swift; sourceTree = "<group>"; };
		599C1A3E292CC99900517E93 /* NoneImageCache.swift */ = {isa = PBXFileReference; fileEncoding = 4; lastKnownFileType = sourcecode.swift; path = NoneImageCache.swift; sourceTree = "<group>"; };
		599C1A3F292CC99900517E93 /* ImageCacheFactory.swift */ = {isa = PBXFileReference; fileEncoding = 4; lastKnownFileType = sourcecode.swift; path = ImageCacheFactory.swift; sourceTree = "<group>"; };
		599C1A40292CC99900517E93 /* DiskImageCache.swift */ = {isa = PBXFileReference; fileEncoding = 4; lastKnownFileType = sourcecode.swift; path = DiskImageCache.swift; sourceTree = "<group>"; };
		599C1A42292CC99900517E93 /* KingReceiver+UIImageView.swift */ = {isa = PBXFileReference; fileEncoding = 4; lastKnownFileType = sourcecode.swift; path = "KingReceiver+UIImageView.swift"; sourceTree = "<group>"; };
		599C1A43292CC99900517E93 /* FirebaseAuthManager.swift */ = {isa = PBXFileReference; fileEncoding = 4; lastKnownFileType = sourcecode.swift; path = FirebaseAuthManager.swift; sourceTree = "<group>"; };
		599C1A44292CC99900517E93 /* FirestoreManager.swift */ = {isa = PBXFileReference; fileEncoding = 4; lastKnownFileType = sourcecode.swift; path = FirestoreManager.swift; sourceTree = "<group>"; };
		59F567F72923BE1E00F756B2 /* SpaceCapsule.entitlements */ = {isa = PBXFileReference; lastKnownFileType = text.plist.entitlements; path = SpaceCapsule.entitlements; sourceTree = "<group>"; };
/* End PBXFileReference section */

/* Begin PBXFrameworksBuildPhase section */
		0D6CA32E292216A300E02393 /* Frameworks */ = {
			isa = PBXFrameworksBuildPhase;
			buildActionMask = 2147483647;
			files = (
				0D6CA36B2922197D00E02393 /* SnapKit in Frameworks */,
				0D6CA368292218EB00E02393 /* RxSwift in Frameworks */,
				0D6CA366292218EB00E02393 /* RxCocoa in Frameworks */,
				0D707D5329222BEB00380B14 /* FirebaseFirestore in Frameworks */,
				0D707D5129222BEB00380B14 /* FirebaseAuth in Frameworks */,
				0D707D5529222BEB00380B14 /* FirebaseStorage in Frameworks */,
			);
			runOnlyForDeploymentPostprocessing = 0;
		};
		0D6CA344292216A400E02393 /* Frameworks */ = {
			isa = PBXFrameworksBuildPhase;
			buildActionMask = 2147483647;
			files = (
			);
			runOnlyForDeploymentPostprocessing = 0;
		};
		0D6CA34E292216A400E02393 /* Frameworks */ = {
			isa = PBXFrameworksBuildPhase;
			buildActionMask = 2147483647;
			files = (
			);
			runOnlyForDeploymentPostprocessing = 0;
		};
/* End PBXFrameworksBuildPhase section */

/* Begin PBXGroup section */
		0D46DEFC2923E4800045400A /* Components */ = {
			isa = PBXGroup;
			children = (
				0DCB22922924CE58002CB095 /* CustomTabBarController.swift */,
				0DCB22942924CE61002CB095 /* Theme */,
			);
			path = Components;
			sourceTree = "<group>";
		};
		0D4C11352927489200B1C2B6 /* Preview */ = {
			isa = PBXGroup;
			children = (
				0D4C11362927489D00B1C2B6 /* UIViewPreview.swift */,
				0D4C11382927495900B1C2B6 /* UIViewControllerPreview.swift */,
			);
			path = Preview;
			sourceTree = "<group>";
		};
		0D6CA328292216A300E02393 = {
			isa = PBXGroup;
			children = (
				599C1A2B292C9F5B00517E93 /* .swiftlint.yml */,
				0D6CA333292216A300E02393 /* SpaceCapsule */,
				0D6CA332292216A300E02393 /* Products */,
				0D6CA34A292216A400E02393 /* SpaceCapsuleTests */,
				0D6CA354292216A400E02393 /* SpaceCapsuleUITests */,
				0DF3926E292B201600FA0153 /* Recovered References */,
			);
			sourceTree = "<group>";
		};
		0D6CA332292216A300E02393 /* Products */ = {
			isa = PBXGroup;
			children = (
				0D6CA331292216A300E02393 /* SpaceCapsule.app */,
				0D6CA347292216A400E02393 /* SpaceCapsuleTests.xctest */,
				0D6CA351292216A400E02393 /* SpaceCapsuleUITests.xctest */,
			);
			name = Products;
			sourceTree = "<group>";
		};
		0D6CA333292216A300E02393 /* SpaceCapsule */ = {
			isa = PBXGroup;
			children = (
				599C1A35292CC99900517E93 /* Manager */,
				599C1A32292CC92300517E93 /* Key */,
				59F567F72923BE1E00F756B2 /* SpaceCapsule.entitlements */,
				4A05D0EB2924C04200A2EF50 /* GoogleService-Info.plist */,
				0D6CA342292216A400E02393 /* Info.plist */,
				0D6CA33D292216A400E02393 /* Assets.xcassets */,
				0D6CA33F292216A400E02393 /* LaunchScreen.storyboard */,
				288A8E902923242D000229D2 /* App */,
				288A8E93292328AE000229D2 /* Base */,
				0D46DEFC2923E4800045400A /* Components */,
				4A05D1032925CF1800A2EF50 /* Error */,
				0D90DAF5292397BF000DCC84 /* Extensions */,
				0D90DAFA29239BD3000DCC84 /* Fonts */,
				4A9E91402925D51B00B7CC5C /* Model */,
				0D4C11352927489200B1C2B6 /* Preview */,
				0D9D672F292493F00038F529 /* Resources */,
				288A8E9429235989000229D2 /* Scene */,
			);
			path = SpaceCapsule;
			sourceTree = "<group>";
		};
		0D6CA34A292216A400E02393 /* SpaceCapsuleTests */ = {
			isa = PBXGroup;
			children = (
				0D6CA34B292216A400E02393 /* SpaceCapsuleTests.swift */,
			);
			path = SpaceCapsuleTests;
			sourceTree = "<group>";
		};
		0D6CA354292216A400E02393 /* SpaceCapsuleUITests */ = {
			isa = PBXGroup;
			children = (
				0D6CA355292216A400E02393 /* SpaceCapsuleUITests.swift */,
				0D6CA357292216A400E02393 /* SpaceCapsuleUITestsLaunchTests.swift */,
			);
			path = SpaceCapsuleUITests;
			sourceTree = "<group>";
		};
		0D706135292C5E950077787E /* DatePicker */ = {
			isa = PBXGroup;
			children = (
				0DE786E0292BBDEC007EF260 /* DatePickerViewController.swift */,
				0D706136292C630D0077787E /* DatePickerViewModel.swift */,
				0D706138292C63140077787E /* DatePickerCoordinator.swift */,
			);
			path = DatePicker;
			sourceTree = "<group>";
		};
		0D90DAF5292397BF000DCC84 /* Extensions */ = {
			isa = PBXGroup;
			children = (
				0D90DAF6292397CF000DCC84 /* UIColor+.swift */,
				0D90DAF829239A81000DCC84 /* UIImage+.swift */,
				0D46DEF92923E1180045400A /* UIFont+.swift */,
				0DA9F6962928EB9000454932 /* UICollectionReusableView+.swift */,
			);
			path = Extensions;
			sourceTree = "<group>";
		};
		0D90DAFA29239BD3000DCC84 /* Fonts */ = {
			isa = PBXGroup;
			children = (
				0D90DAFD29239C9F000DCC84 /* OwnglyphHaesomChae.otf */,
			);
			path = Fonts;
			sourceTree = "<group>";
		};
		0D9D672F292493F00038F529 /* Resources */ = {
			isa = PBXGroup;
			children = (
				0D9D67302924945D0038F529 /* FrameResource.swift */,
			);
			path = Resources;
			sourceTree = "<group>";
		};
		0DA9F68F2928E95C00454932 /* Components */ = {
			isa = PBXGroup;
			children = (
				0DA9F6902928E9B900454932 /* AddImageCell.swift */,
				0DA9F6922928E9CB00454932 /* AddImageCollectionView.swift */,
				0DA9F6942928EA4900454932 /* AddImageButtonCell.swift */,
			);
			path = Components;
			sourceTree = "<group>";
		};
		0DCB22942924CE61002CB095 /* Theme */ = {
			isa = PBXGroup;
			children = (
				0D9D672D292486780038F529 /* ThemeLabel.swift */,
				0DA6610C292778BE00CF3563 /* ThemeTextField.swift */,
				0D77D7C8292B5D490038D054 /* SelectButton.swift */,
			);
			path = Theme;
			sourceTree = "<group>";
		};
		0DF3926E292B201600FA0153 /* Recovered References */ = {
			isa = PBXGroup;
			children = (
				59427A3929262BB2002657C3 /* FirebaseAuthManager.swift */,
				59427A3D29290085002657C3 /* UserDefaultsManager.swift */,
				4A05D1072925CF4400A2EF50 /* NetworkManager.swift */,
				4A9E913E2925D50D00B7CC5C /* KakaoAPIManager.swift */,
				59427A3B292656CA002657C3 /* FirestoreManager.swift */,
				0D07111F292A502900068098 /* MemoryImageCache.swift */,
				0D071125292A505400068098 /* KingReceiver+UIImageView.swift */,
				0D071123292A504000068098 /* NoneImageCache.swift */,
				0D07111D292A501C00068098 /* ImageCache.swift */,
				0D071117292A4FEC00068098 /* KingReceiver.swift */,
				0D07111B292A501200068098 /* ImageCacheFactory.swift */,
				0D071121292A503600068098 /* DiskImageCache.swift */,
				0D24C209292B850400007E75 /* NoneImageCache.swift */,
				0D24C205292B850400007E75 /* DiskImageCache.swift */,
				0D24C207292B850400007E75 /* ImageCacheFactory.swift */,
				0D24C1F8292B84DD00007E75 /* KakaoAPIManager.swift */,
				0D24C1F4292B84DD00007E75 /* FirestoreManager.swift */,
				0D24C208292B850400007E75 /* ImageCache.swift */,
				0D24C1FF292B84EB00007E75 /* KingReceiver.swift */,
				0D24C206292B850400007E75 /* MemoryImageCache.swift */,
				0D24C1F5292B84DD00007E75 /* NetworkManager.swift */,
				0D24C1F6292B84DD00007E75 /* UserDefaultsManager.swift */,
				0D24C202292B84F600007E75 /* KingReceiver+UIImageView.swift */,
				0D24C1F7292B84DD00007E75 /* FirebaseAuthManager.swift */,
				599C1A0D292C9C1F00517E93 /* KakaoAPIManager.swift */,
				599C1A0E292C9C1F00517E93 /* NetworkManager.swift */,
				599C1A1B292C9C1F00517E93 /* FirestoreManager.swift */,
				599C1A1A292C9C1F00517E93 /* FirebaseAuthManager.swift */,
				599C1A15292C9C1F00517E93 /* NoneImageCache.swift */,
				599C1A0F292C9C1F00517E93 /* UserDefaultsManager.swift */,
				599C1A11292C9C1F00517E93 /* KingReceiver.swift */,
				599C1A19292C9C1F00517E93 /* KingReceiver+UIImageView.swift */,
				599C1A14292C9C1F00517E93 /* MemoryImageCache.swift */,
				599C1A16292C9C1F00517E93 /* ImageCacheFactory.swift */,
				599C1A13292C9C1F00517E93 /* ImageCache.swift */,
				599C1A17292C9C1F00517E93 /* DiskImageCache.swift */,
			);
			name = "Recovered References";
			sourceTree = "<group>";
		};
		2800F976292E4BBB0069EE7F /* Components */ = {
			isa = PBXGroup;
			children = (
				28C8C983292DF4EA005615BB /* SortPolicyHeaderView.swift */,
				28C8C981292DEECD005615BB /* SortPolicyCell.swift */,
			);
			path = Components;
			sourceTree = "<group>";
		};
		2800F978292E4BE30069EE7F /* Components */ = {
			isa = PBXGroup;
			children = (
				2807BC0A292C658000288A5D /* CapsuleCell.swift */,
				2800F979292F1F060069EE7F /* CapsuleCellModel.swift */,
			);
			path = Components;
			sourceTree = "<group>";
		};
		28049CEE2923825A002389BD /* ViewModel */ = {
			isa = PBXGroup;
			children = (
				28049CEA29237E96002389BD /* BaseViewModel.swift */,
				28049CEC29238216002389BD /* Bindable.swift */,
			);
			path = ViewModel;
			sourceTree = "<group>";
		};
		28049CEF292382BB002389BD /* View */ = {
			isa = PBXGroup;
			children = (
				28049CE829237BB2002389BD /* BaseView.swift */,
			);
			path = View;
			sourceTree = "<group>";
		};
		28049CF0292382C7002389BD /* ViewController */ = {
			isa = PBXGroup;
			children = (
				28049CE629237B2B002389BD /* BaseViewController.swift */,
			);
			path = ViewController;
			sourceTree = "<group>";
		};
		288A8E902923242D000229D2 /* App */ = {
			isa = PBXGroup;
			children = (
				0D6CA334292216A300E02393 /* AppDelegate.swift */,
				0D6CA336292216A300E02393 /* SceneDelegate.swift */,
				288A8F0429236505000229D2 /* AppCoordinator.swift */,
				599C19D3292B838D00517E93 /* LoadingView.swift */,
				599C19D1292B82D000517E93 /* LoadingViewController.swift */,
			);
			path = App;
			sourceTree = "<group>";
		};
		288A8E93292328AE000229D2 /* Base */ = {
			isa = PBXGroup;
			children = (
				288A8E912923244D000229D2 /* Coordinator.swift */,
				28049CEF292382BB002389BD /* View */,
				28049CF0292382C7002389BD /* ViewController */,
				28049CEE2923825A002389BD /* ViewModel */,
			);
			path = Base;
			sourceTree = "<group>";
		};
		288A8E9429235989000229D2 /* Scene */ = {
			isa = PBXGroup;
			children = (
				288A8E95292359A6000229D2 /* Auth */,
				288A8EAA29235B0E000229D2 /* TabBar */,
			);
			path = Scene;
			sourceTree = "<group>";
		};
		288A8E95292359A6000229D2 /* Auth */ = {
			isa = PBXGroup;
			children = (
				288A8E96292359CF000229D2 /* AuthCoordinator.swift */,
				288A8E98292359E4000229D2 /* SignIn */,
				288A8E9929235A02000229D2 /* Nickname */,
			);
			path = Auth;
			sourceTree = "<group>";
		};
		288A8E98292359E4000229D2 /* SignIn */ = {
			isa = PBXGroup;
			children = (
				288A8EA029235AA1000229D2 /* SignInCoordinator.swift */,
				288A8E9A29235A6E000229D2 /* SignInView.swift */,
				288A8E9C29235A80000229D2 /* SignInViewController.swift */,
				288A8E9E29235A91000229D2 /* SignInViewModel.swift */,
			);
			path = SignIn;
			sourceTree = "<group>";
		};
		288A8E9929235A02000229D2 /* Nickname */ = {
			isa = PBXGroup;
			children = (
				288A8EA829235AFC000229D2 /* NicknameCoordinator.swift */,
				288A8EA229235ADE000229D2 /* NicknameView.swift */,
				288A8EA429235AE8000229D2 /* NicknameViewController.swift */,
				288A8EA629235AF1000229D2 /* NicknameViewModel.swift */,
			);
			path = Nickname;
			sourceTree = "<group>";
		};
		288A8EAA29235B0E000229D2 /* TabBar */ = {
			isa = PBXGroup;
			children = (
				288A8EAF29235B46000229D2 /* TabBarCoordinator.swift */,
				288A8EAB29235B1F000229D2 /* Home */,
				288A8EAD29235B2C000229D2 /* CapsuleList */,
				288A8ED129235C0B000229D2 /* CapsuleAdd */,
				288A8EAC29235B25000229D2 /* CapsuleMap */,
				288A8EAE29235B33000229D2 /* Profile */,
				288A8EED29236013000229D2 /* CapsuleAccess */,
			);
			path = TabBar;
			sourceTree = "<group>";
		};
		288A8EAB29235B1F000229D2 /* Home */ = {
			isa = PBXGroup;
			children = (
				288A8EC929235BDC000229D2 /* HomeView.swift */,
				288A8ECB29235BE9000229D2 /* HomeViewController.swift */,
				288A8ECD29235BEF000229D2 /* HomeViewModel.swift */,
				288A8ECF29235BF9000229D2 /* HomeCoordinator.swift */,
			);
			path = Home;
			sourceTree = "<group>";
		};
		288A8EAC29235B25000229D2 /* CapsuleMap */ = {
			isa = PBXGroup;
			children = (
				288A8EC129235BAF000229D2 /* CapsuleMapView.swift */,
				288A8EC329235BB7000229D2 /* CapsuleMapViewController.swift */,
				288A8EC529235BBD000229D2 /* CapsuleMapViewModel.swift */,
				288A8EC729235BCE000229D2 /* CapsuleMapCoordinator.swift */,
			);
			path = CapsuleMap;
			sourceTree = "<group>";
		};
		288A8EAD29235B2C000229D2 /* CapsuleList */ = {
			isa = PBXGroup;
			children = (
				28C8C97A292DC2C0005615BB /* SortPolicySelection */,
				288A8EB929235B86000229D2 /* CapsuleListView.swift */,
				288A8EBB29235B8E000229D2 /* CapsuleListViewController.swift */,
				288A8EBD29235B97000229D2 /* CapsuleListViewModel.swift */,
				288A8EBF29235BA5000229D2 /* CapsuleListCoordinator.swift */,
				2800F978292E4BE30069EE7F /* Components */,
			);
			path = CapsuleList;
			sourceTree = "<group>";
		};
		288A8EAE29235B33000229D2 /* Profile */ = {
			isa = PBXGroup;
			children = (
				288A8EB129235B5A000229D2 /* ProfileView.swift */,
				288A8EB329235B62000229D2 /* ProfileViewController.swift */,
				288A8EB529235B69000229D2 /* ProfileViewModel.swift */,
				288A8EB729235B77000229D2 /* ProfileCoordinator.swift */,
			);
			path = Profile;
			sourceTree = "<group>";
		};
		288A8ED129235C0B000229D2 /* CapsuleAdd */ = {
			isa = PBXGroup;
			children = (
				288A8F02292362CC000229D2 /* CapsuleAddCoordinator.swift */,
				288A8EDA29235DD3000229D2 /* CapsuleClose */,
				288A8EDC29235DDF000229D2 /* CapsuleCreate */,
				288A8EDB29235DD8000229D2 /* CapsuleLocate */,
				0D706135292C5E950077787E /* DatePicker */,
			);
			path = CapsuleAdd;
			sourceTree = "<group>";
		};
		288A8EDA29235DD3000229D2 /* CapsuleClose */ = {
			isa = PBXGroup;
			children = (
				288A8EE529235FD5000229D2 /* CapsuleCloseView.swift */,
				288A8EE729235FE2000229D2 /* CapsuleCloseViewController.swift */,
				288A8EE929235FF1000229D2 /* CapsuleCloseViewModel.swift */,
				0D90DAF229238B90000DCC84 /* CapsuleCloseCoordinator.swift */,
			);
			path = CapsuleClose;
			sourceTree = "<group>";
		};
		288A8EDB29235DD8000229D2 /* CapsuleLocate */ = {
			isa = PBXGroup;
			children = (
				288A8EDF29235E36000229D2 /* CapsuleLocateViewController.swift */,
				288A8EE129235E3F000229D2 /* CapsuleLocateViewModel.swift */,
				0D90DAEE29238B77000DCC84 /* CapsuleLocateView.swift */,
				0D90DAF029238B85000DCC84 /* CapsuleLocateCoordinator.swift */,
			);
			path = CapsuleLocate;
			sourceTree = "<group>";
		};
		288A8EDC29235DDF000229D2 /* CapsuleCreate */ = {
			isa = PBXGroup;
			children = (
				288A8ED829235C83000229D2 /* CapsuleCreateCoordinator.swift */,
				288A8ED229235C65000229D2 /* CapsuleCreateView.swift */,
				288A8ED429235C6F000229D2 /* CapsuleCreateViewController.swift */,
				288A8ED629235C77000229D2 /* CapsuleCreateViewModel.swift */,
				0DA9F68F2928E95C00454932 /* Components */,
			);
			path = CapsuleCreate;
			sourceTree = "<group>";
		};
		288A8EED29236013000229D2 /* CapsuleAccess */ = {
			isa = PBXGroup;
			children = (
				28049CE429236EEC002389BD /* CapsuleAccessCoordinator.swift */,
				288A8EEE29236055000229D2 /* CapsuleOpen */,
				288A8EEF29236061000229D2 /* CapsuleDetail */,
			);
			path = CapsuleAccess;
			sourceTree = "<group>";
		};
		288A8EEE29236055000229D2 /* CapsuleOpen */ = {
			isa = PBXGroup;
			children = (
				288A8EF029236075000229D2 /* CapsuleOpenView.swift */,
				288A8EF22923607D000229D2 /* CapsuleOpenViewController.swift */,
				288A8EF429236086000229D2 /* CapsuleOpenViewModel.swift */,
				288A8EF62923608F000229D2 /* CapsuleOpenCoordinator.swift */,
			);
			path = CapsuleOpen;
			sourceTree = "<group>";
		};
		288A8EEF29236061000229D2 /* CapsuleDetail */ = {
			isa = PBXGroup;
			children = (
				288A8EF82923609C000229D2 /* CapsuleDetailView.swift */,
				288A8EFA292360A4000229D2 /* CapsuleDetailViewController.swift */,
				288A8EFC292360AB000229D2 /* CapsuleDetailViewModel.swift */,
				288A8EFE292360BC000229D2 /* CapsuleDetailCoordinator.swift */,
			);
			path = CapsuleDetail;
			sourceTree = "<group>";
		};
		28C8C97A292DC2C0005615BB /* SortPolicySelection */ = {
			isa = PBXGroup;
			children = (
				28C8C97B292DC35F005615BB /* SortPolicySelectionViewController.swift */,
				28C8C97D292DC371005615BB /* SortPolicySelectionViewModel.swift */,
				28C8C97F292DC382005615BB /* SortPolicySelectionCoordinator.swift */,
				2800F976292E4BBB0069EE7F /* Components */,
			);
			path = SortPolicySelection;
			sourceTree = "<group>";
		};
		4A05D1032925CF1800A2EF50 /* Error */ = {
			isa = PBXGroup;
			children = (
				4A05D1042925CF2A00A2EF50 /* NetworkError.swift */,
			);
			path = Error;
			sourceTree = "<group>";
		};
		4A9E91402925D51B00B7CC5C /* Model */ = {
			isa = PBXGroup;
			children = (
				4A9E91412925D51B00B7CC5C /* Response */,
				4A9E91432925D51B00B7CC5C /* RequestType.swift */,
			);
			path = Model;
			sourceTree = "<group>";
		};
		4A9E91412925D51B00B7CC5C /* Response */ = {
			isa = PBXGroup;
			children = (
				4A9E91422925D51B00B7CC5C /* KakaoResponse.swift */,
			);
			path = Response;
			sourceTree = "<group>";
		};
		599C1A32292CC92300517E93 /* Key */ = {
			isa = PBXGroup;
			children = (
				599C1A33292CC94F00517E93 /* Key.swift */,
			);
			path = Key;
			sourceTree = "<group>";
		};
		599C1A35292CC99900517E93 /* Manager */ = {
			isa = PBXGroup;
			children = (
				599C1A36292CC99900517E93 /* KakaoAPIManager.swift */,
				599C1A37292CC99900517E93 /* NetworkManager.swift */,
				599C1A38292CC99900517E93 /* UserDefaultsManager.swift */,
				599C1A39292CC99900517E93 /* KingReceiver */,
				599C1A43292CC99900517E93 /* FirebaseAuthManager.swift */,
				599C1A44292CC99900517E93 /* FirestoreManager.swift */,
			);
			path = Manager;
			sourceTree = "<group>";
		};
		599C1A39292CC99900517E93 /* KingReceiver */ = {
			isa = PBXGroup;
			children = (
				599C1A3A292CC99900517E93 /* KingReceiver.swift */,
				599C1A3B292CC99900517E93 /* ImageCache */,
				599C1A41292CC99900517E93 /* Extensions */,
			);
			path = KingReceiver;
			sourceTree = "<group>";
		};
		599C1A3B292CC99900517E93 /* ImageCache */ = {
			isa = PBXGroup;
			children = (
				599C1A3C292CC99900517E93 /* ImageCache.swift */,
				599C1A3D292CC99900517E93 /* MemoryImageCache.swift */,
				599C1A3E292CC99900517E93 /* NoneImageCache.swift */,
				599C1A3F292CC99900517E93 /* ImageCacheFactory.swift */,
				599C1A40292CC99900517E93 /* DiskImageCache.swift */,
			);
			path = ImageCache;
			sourceTree = "<group>";
		};
		599C1A41292CC99900517E93 /* Extensions */ = {
			isa = PBXGroup;
			children = (
				599C1A42292CC99900517E93 /* KingReceiver+UIImageView.swift */,
			);
			path = Extensions;
			sourceTree = "<group>";
		};
/* End PBXGroup section */

/* Begin PBXNativeTarget section */
		0D6CA330292216A300E02393 /* SpaceCapsule */ = {
			isa = PBXNativeTarget;
			buildConfigurationList = 0D6CA35B292216A400E02393 /* Build configuration list for PBXNativeTarget "SpaceCapsule" */;
			buildPhases = (
				0D6CA36C29221A2900E02393 /* SwiftLint Script */,
				0D6CA32D292216A300E02393 /* Sources */,
				0D6CA32E292216A300E02393 /* Frameworks */,
				0D6CA32F292216A300E02393 /* Resources */,
			);
			buildRules = (
			);
			dependencies = (
			);
			name = SpaceCapsule;
			packageProductDependencies = (
				0D6CA365292218EB00E02393 /* RxCocoa */,
				0D6CA367292218EB00E02393 /* RxSwift */,
				0D6CA36A2922197D00E02393 /* SnapKit */,
				0D707D5029222BEB00380B14 /* FirebaseAuth */,
				0D707D5229222BEB00380B14 /* FirebaseFirestore */,
				0D707D5429222BEB00380B14 /* FirebaseStorage */,
			);
			productName = SpaceCapsule;
			productReference = 0D6CA331292216A300E02393 /* SpaceCapsule.app */;
			productType = "com.apple.product-type.application";
		};
		0D6CA346292216A400E02393 /* SpaceCapsuleTests */ = {
			isa = PBXNativeTarget;
			buildConfigurationList = 0D6CA35E292216A400E02393 /* Build configuration list for PBXNativeTarget "SpaceCapsuleTests" */;
			buildPhases = (
				0D6CA343292216A400E02393 /* Sources */,
				0D6CA344292216A400E02393 /* Frameworks */,
				0D6CA345292216A400E02393 /* Resources */,
			);
			buildRules = (
			);
			dependencies = (
				0D6CA349292216A400E02393 /* PBXTargetDependency */,
			);
			name = SpaceCapsuleTests;
			productName = SpaceCapsuleTests;
			productReference = 0D6CA347292216A400E02393 /* SpaceCapsuleTests.xctest */;
			productType = "com.apple.product-type.bundle.unit-test";
		};
		0D6CA350292216A400E02393 /* SpaceCapsuleUITests */ = {
			isa = PBXNativeTarget;
			buildConfigurationList = 0D6CA361292216A400E02393 /* Build configuration list for PBXNativeTarget "SpaceCapsuleUITests" */;
			buildPhases = (
				0D6CA34D292216A400E02393 /* Sources */,
				0D6CA34E292216A400E02393 /* Frameworks */,
				0D6CA34F292216A400E02393 /* Resources */,
			);
			buildRules = (
			);
			dependencies = (
				0D6CA353292216A400E02393 /* PBXTargetDependency */,
			);
			name = SpaceCapsuleUITests;
			productName = SpaceCapsuleUITests;
			productReference = 0D6CA351292216A400E02393 /* SpaceCapsuleUITests.xctest */;
			productType = "com.apple.product-type.bundle.ui-testing";
		};
/* End PBXNativeTarget section */

/* Begin PBXProject section */
		0D6CA329292216A300E02393 /* Project object */ = {
			isa = PBXProject;
			attributes = {
				BuildIndependentTargetsInParallel = 1;
				LastSwiftUpdateCheck = 1410;
				LastUpgradeCheck = 1410;
				TargetAttributes = {
					0D6CA330292216A300E02393 = {
						CreatedOnToolsVersion = 14.1;
					};
					0D6CA346292216A400E02393 = {
						CreatedOnToolsVersion = 14.1;
						TestTargetID = 0D6CA330292216A300E02393;
					};
					0D6CA350292216A400E02393 = {
						CreatedOnToolsVersion = 14.1;
						TestTargetID = 0D6CA330292216A300E02393;
					};
				};
			};
			buildConfigurationList = 0D6CA32C292216A300E02393 /* Build configuration list for PBXProject "SpaceCapsule" */;
			compatibilityVersion = "Xcode 14.0";
			developmentRegion = en;
			hasScannedForEncodings = 0;
			knownRegions = (
				en,
				Base,
			);
			mainGroup = 0D6CA328292216A300E02393;
			packageReferences = (
				0D6CA364292218EB00E02393 /* XCRemoteSwiftPackageReference "RxSwift" */,
				0D6CA3692922197D00E02393 /* XCRemoteSwiftPackageReference "SnapKit" */,
				0D707D4F29222BEB00380B14 /* XCRemoteSwiftPackageReference "firebase-ios-sdk" */,
			);
			productRefGroup = 0D6CA332292216A300E02393 /* Products */;
			projectDirPath = "";
			projectRoot = "";
			targets = (
				0D6CA330292216A300E02393 /* SpaceCapsule */,
				0D6CA346292216A400E02393 /* SpaceCapsuleTests */,
				0D6CA350292216A400E02393 /* SpaceCapsuleUITests */,
			);
		};
/* End PBXProject section */

/* Begin PBXResourcesBuildPhase section */
		0D6CA32F292216A300E02393 /* Resources */ = {
			isa = PBXResourcesBuildPhase;
			buildActionMask = 2147483647;
			files = (
				599C1A2C292C9F5B00517E93 /* .swiftlint.yml in Resources */,
				0D6CA341292216A400E02393 /* LaunchScreen.storyboard in Resources */,
				0D6CA33E292216A400E02393 /* Assets.xcassets in Resources */,
				0D90DAFE29239CA0000DCC84 /* OwnglyphHaesomChae.otf in Resources */,
				4A05D0EC2924C04200A2EF50 /* GoogleService-Info.plist in Resources */,
			);
			runOnlyForDeploymentPostprocessing = 0;
		};
		0D6CA345292216A400E02393 /* Resources */ = {
			isa = PBXResourcesBuildPhase;
			buildActionMask = 2147483647;
			files = (
			);
			runOnlyForDeploymentPostprocessing = 0;
		};
		0D6CA34F292216A400E02393 /* Resources */ = {
			isa = PBXResourcesBuildPhase;
			buildActionMask = 2147483647;
			files = (
			);
			runOnlyForDeploymentPostprocessing = 0;
		};
/* End PBXResourcesBuildPhase section */

/* Begin PBXShellScriptBuildPhase section */
		0D6CA36C29221A2900E02393 /* SwiftLint Script */ = {
			isa = PBXShellScriptBuildPhase;
			alwaysOutOfDate = 1;
			buildActionMask = 2147483647;
			files = (
			);
			inputFileListPaths = (
			);
			inputPaths = (
			);
			name = "SwiftLint Script";
			outputFileListPaths = (
			);
			outputPaths = (
			);
			runOnlyForDeploymentPostprocessing = 0;
			shellPath = /bin/sh;
			shellScript = "# Type a script or drag a script file from your workspace to insert its path.\nexport PATH=\"$PATH:/opt/homebrew/bin\"\nif which swiftlint > /dev/null; then\n  swiftlint\nelse\n  echo \"Warning: SwiftLint not installed!!\"\nfi\n";
		};
/* End PBXShellScriptBuildPhase section */

/* Begin PBXSourcesBuildPhase section */
		0D6CA32D292216A300E02393 /* Sources */ = {
			isa = PBXSourcesBuildPhase;
			buildActionMask = 2147483647;
			files = (
				599C1A51292CCB4500517E93 /* AuthCoordinator.swift in Sources */,
				288A8ECA29235BDC000229D2 /* HomeView.swift in Sources */,
				0DA9F6972928EB9000454932 /* UICollectionReusableView+.swift in Sources */,
				28049CEB29237E96002389BD /* BaseViewModel.swift in Sources */,
				288A8EFF292360BC000229D2 /* CapsuleDetailCoordinator.swift in Sources */,
				0D24C20A292B850400007E75 /* DiskImageCache.swift in Sources */,
				28C8C980292DC382005615BB /* SortPolicySelectionCoordinator.swift in Sources */,
				288A8EFB292360A4000229D2 /* CapsuleDetailViewController.swift in Sources */,
				288A8EF529236086000229D2 /* CapsuleOpenViewModel.swift in Sources */,
				288A8EA329235ADE000229D2 /* NicknameView.swift in Sources */,
				0DA9F6952928EA4900454932 /* AddImageButtonCell.swift in Sources */,
				288A8EBA29235B86000229D2 /* CapsuleListView.swift in Sources */,
				288A8ED729235C77000229D2 /* CapsuleCreateViewModel.swift in Sources */,
				0D9D672E292486780038F529 /* ThemeLabel.swift in Sources */,
				28C8C984292DF4EA005615BB /* SortPolicyHeaderView.swift in Sources */,
				288A8EF32923607D000229D2 /* CapsuleOpenViewController.swift in Sources */,
				599C1A47292CC99A00517E93 /* UserDefaultsManager.swift in Sources */,
				288A8EE029235E36000229D2 /* CapsuleLocateViewController.swift in Sources */,
				28049CE529236EEC002389BD /* CapsuleAccessCoordinator.swift in Sources */,
				0D46DEFA2923E1180045400A /* UIFont+.swift in Sources */,
				288A8EBE29235B97000229D2 /* CapsuleListViewModel.swift in Sources */,
				599C1A4E292CC99A00517E93 /* KingReceiver+UIImageView.swift in Sources */,
				599C1A46292CC99A00517E93 /* NetworkManager.swift in Sources */,
				288A8EA929235AFC000229D2 /* NicknameCoordinator.swift in Sources */,
				288A8EE629235FD5000229D2 /* CapsuleCloseView.swift in Sources */,
				0D90DAF7292397CF000DCC84 /* UIColor+.swift in Sources */,
				599C1A4B292CC99A00517E93 /* NoneImageCache.swift in Sources */,
				28049CE729237B2B002389BD /* BaseViewController.swift in Sources */,
				0D90DAF329238B90000DCC84 /* CapsuleCloseCoordinator.swift in Sources */,
				288A8ED329235C65000229D2 /* CapsuleCreateView.swift in Sources */,
				288A8E9D29235A80000229D2 /* SignInViewController.swift in Sources */,
				0D706137292C630D0077787E /* DatePickerViewModel.swift in Sources */,
				0D90DAF929239A81000DCC84 /* UIImage+.swift in Sources */,
				0DE786E1292BBDEC007EF260 /* DatePickerViewController.swift in Sources */,
				599C1A4C292CC99A00517E93 /* ImageCacheFactory.swift in Sources */,
				288A8E9B29235A6E000229D2 /* SignInView.swift in Sources */,
				288A8ED529235C6F000229D2 /* CapsuleCreateViewController.swift in Sources */,
				288A8EC629235BBD000229D2 /* CapsuleMapViewModel.swift in Sources */,
				0D77D7C9292B5D490038D054 /* SelectButton.swift in Sources */,
				4A9E91452925D51B00B7CC5C /* RequestType.swift in Sources */,
				288A8EEA29235FF1000229D2 /* CapsuleCloseViewModel.swift in Sources */,
				288A8EF92923609C000229D2 /* CapsuleDetailView.swift in Sources */,
				0D24C20D292B850400007E75 /* ImageCache.swift in Sources */,
				28C8C982292DEECD005615BB /* SortPolicyCell.swift in Sources */,
				288A8E97292359CF000229D2 /* AuthCoordinator.swift in Sources */,
				0D9D67312924945D0038F529 /* FrameResource.swift in Sources */,
				28C8C97E292DC371005615BB /* SortPolicySelectionViewModel.swift in Sources */,
				288A8EC429235BB7000229D2 /* CapsuleMapViewController.swift in Sources */,
				4A9E91442925D51B00B7CC5C /* KakaoResponse.swift in Sources */,
				599C1A34292CC95000517E93 /* Key.swift in Sources */,
				288A8EC829235BCE000229D2 /* CapsuleMapCoordinator.swift in Sources */,
				599C19D2292B82D000517E93 /* LoadingViewController.swift in Sources */,
				599C1A4A292CC99A00517E93 /* MemoryImageCache.swift in Sources */,
				288A8E922923244D000229D2 /* Coordinator.swift in Sources */,
				288A8EE829235FE2000229D2 /* CapsuleCloseViewController.swift in Sources */,
				599C1A4F292CC99A00517E93 /* FirebaseAuthManager.swift in Sources */,
				288A8EB429235B62000229D2 /* ProfileViewController.swift in Sources */,
				0DCB22932924CE58002CB095 /* CustomTabBarController.swift in Sources */,
				288A8EC229235BAF000229D2 /* CapsuleMapView.swift in Sources */,
				288A8EA129235AA1000229D2 /* SignInCoordinator.swift in Sources */,
				599C1A45292CC99A00517E93 /* KakaoAPIManager.swift in Sources */,
				0DA9F6932928E9CB00454932 /* AddImageCollectionView.swift in Sources */,
				288A8ED929235C83000229D2 /* CapsuleCreateCoordinator.swift in Sources */,
				288A8ECE29235BEF000229D2 /* HomeViewModel.swift in Sources */,
				28049CE929237BB2002389BD /* BaseView.swift in Sources */,
				0D706139292C63140077787E /* DatePickerCoordinator.swift in Sources */,
				599C1A50292CC99A00517E93 /* FirestoreManager.swift in Sources */,
				288A8EFD292360AB000229D2 /* CapsuleDetailViewModel.swift in Sources */,
				288A8EE229235E3F000229D2 /* CapsuleLocateViewModel.swift in Sources */,
				0D4C11372927489D00B1C2B6 /* UIViewPreview.swift in Sources */,
				288A8EB229235B5A000229D2 /* ProfileView.swift in Sources */,
				599C1A48292CC99A00517E93 /* KingReceiver.swift in Sources */,
				599C1A49292CC99A00517E93 /* ImageCache.swift in Sources */,
				288A8ED029235BF9000229D2 /* HomeCoordinator.swift in Sources */,
				0D4C11392927495900B1C2B6 /* UIViewControllerPreview.swift in Sources */,
				288A8EA529235AE8000229D2 /* NicknameViewController.swift in Sources */,
				288A8EF129236075000229D2 /* CapsuleOpenView.swift in Sources */,
				2807BC0B292C658000288A5D /* CapsuleCell.swift in Sources */,
				4A05D1052925CF2A00A2EF50 /* NetworkError.swift in Sources */,
				288A8E9F29235A91000229D2 /* SignInViewModel.swift in Sources */,
				0D90DAF129238B85000DCC84 /* CapsuleLocateCoordinator.swift in Sources */,
				288A8EA729235AF1000229D2 /* NicknameViewModel.swift in Sources */,
				288A8ECC29235BE9000229D2 /* HomeViewController.swift in Sources */,
				0DA6610D292778BE00CF3563 /* ThemeTextField.swift in Sources */,
				288A8EB029235B46000229D2 /* TabBarCoordinator.swift in Sources */,
				288A8EB629235B69000229D2 /* ProfileViewModel.swift in Sources */,
				0DA9F6912928E9B900454932 /* AddImageCell.swift in Sources */,
				0D6CA335292216A300E02393 /* AppDelegate.swift in Sources */,
				288A8EC029235BA5000229D2 /* CapsuleListCoordinator.swift in Sources */,
				288A8EB829235B77000229D2 /* ProfileCoordinator.swift in Sources */,
				2800F97A292F1F060069EE7F /* CapsuleCellModel.swift in Sources */,
				28049CED29238216002389BD /* Bindable.swift in Sources */,
				599C19D4292B838D00517E93 /* LoadingView.swift in Sources */,
				288A8F03292362CC000229D2 /* CapsuleAddCoordinator.swift in Sources */,
				288A8EBC29235B8E000229D2 /* CapsuleListViewController.swift in Sources */,
				288A8F0529236505000229D2 /* AppCoordinator.swift in Sources */,
				288A8EF72923608F000229D2 /* CapsuleOpenCoordinator.swift in Sources */,
				0D6CA337292216A300E02393 /* SceneDelegate.swift in Sources */,
				599C1A4D292CC99A00517E93 /* DiskImageCache.swift in Sources */,
				0D90DAEF29238B77000DCC84 /* CapsuleLocateView.swift in Sources */,
				28C8C97C292DC360005615BB /* SortPolicySelectionViewController.swift in Sources */,
			);
			runOnlyForDeploymentPostprocessing = 0;
		};
		0D6CA343292216A400E02393 /* Sources */ = {
			isa = PBXSourcesBuildPhase;
			buildActionMask = 2147483647;
			files = (
				0D6CA34C292216A400E02393 /* SpaceCapsuleTests.swift in Sources */,
			);
			runOnlyForDeploymentPostprocessing = 0;
		};
		0D6CA34D292216A400E02393 /* Sources */ = {
			isa = PBXSourcesBuildPhase;
			buildActionMask = 2147483647;
			files = (
				0D6CA356292216A400E02393 /* SpaceCapsuleUITests.swift in Sources */,
				0D6CA358292216A400E02393 /* SpaceCapsuleUITestsLaunchTests.swift in Sources */,
			);
			runOnlyForDeploymentPostprocessing = 0;
		};
/* End PBXSourcesBuildPhase section */

/* Begin PBXTargetDependency section */
		0D6CA349292216A400E02393 /* PBXTargetDependency */ = {
			isa = PBXTargetDependency;
			target = 0D6CA330292216A300E02393 /* SpaceCapsule */;
			targetProxy = 0D6CA348292216A400E02393 /* PBXContainerItemProxy */;
		};
		0D6CA353292216A400E02393 /* PBXTargetDependency */ = {
			isa = PBXTargetDependency;
			target = 0D6CA330292216A300E02393 /* SpaceCapsule */;
			targetProxy = 0D6CA352292216A400E02393 /* PBXContainerItemProxy */;
		};
/* End PBXTargetDependency section */

/* Begin PBXVariantGroup section */
		0D6CA33F292216A400E02393 /* LaunchScreen.storyboard */ = {
			isa = PBXVariantGroup;
			children = (
				0D6CA340292216A400E02393 /* Base */,
			);
			name = LaunchScreen.storyboard;
			sourceTree = "<group>";
		};
/* End PBXVariantGroup section */

/* Begin XCBuildConfiguration section */
		0D6CA359292216A400E02393 /* Debug */ = {
			isa = XCBuildConfiguration;
			buildSettings = {
				ALWAYS_SEARCH_USER_PATHS = NO;
				CLANG_ANALYZER_NONNULL = YES;
				CLANG_ANALYZER_NUMBER_OBJECT_CONVERSION = YES_AGGRESSIVE;
				CLANG_CXX_LANGUAGE_STANDARD = "gnu++20";
				CLANG_ENABLE_MODULES = YES;
				CLANG_ENABLE_OBJC_ARC = YES;
				CLANG_ENABLE_OBJC_WEAK = YES;
				CLANG_WARN_BLOCK_CAPTURE_AUTORELEASING = YES;
				CLANG_WARN_BOOL_CONVERSION = YES;
				CLANG_WARN_COMMA = YES;
				CLANG_WARN_CONSTANT_CONVERSION = YES;
				CLANG_WARN_DEPRECATED_OBJC_IMPLEMENTATIONS = YES;
				CLANG_WARN_DIRECT_OBJC_ISA_USAGE = YES_ERROR;
				CLANG_WARN_DOCUMENTATION_COMMENTS = YES;
				CLANG_WARN_EMPTY_BODY = YES;
				CLANG_WARN_ENUM_CONVERSION = YES;
				CLANG_WARN_INFINITE_RECURSION = YES;
				CLANG_WARN_INT_CONVERSION = YES;
				CLANG_WARN_NON_LITERAL_NULL_CONVERSION = YES;
				CLANG_WARN_OBJC_IMPLICIT_RETAIN_SELF = YES;
				CLANG_WARN_OBJC_LITERAL_CONVERSION = YES;
				CLANG_WARN_OBJC_ROOT_CLASS = YES_ERROR;
				CLANG_WARN_QUOTED_INCLUDE_IN_FRAMEWORK_HEADER = YES;
				CLANG_WARN_RANGE_LOOP_ANALYSIS = YES;
				CLANG_WARN_STRICT_PROTOTYPES = YES;
				CLANG_WARN_SUSPICIOUS_MOVE = YES;
				CLANG_WARN_UNGUARDED_AVAILABILITY = YES_AGGRESSIVE;
				CLANG_WARN_UNREACHABLE_CODE = YES;
				CLANG_WARN__DUPLICATE_METHOD_MATCH = YES;
				COPY_PHASE_STRIP = NO;
				DEBUG_INFORMATION_FORMAT = dwarf;
				ENABLE_STRICT_OBJC_MSGSEND = YES;
				ENABLE_TESTABILITY = YES;
				GCC_C_LANGUAGE_STANDARD = gnu11;
				GCC_DYNAMIC_NO_PIC = NO;
				GCC_NO_COMMON_BLOCKS = YES;
				GCC_OPTIMIZATION_LEVEL = 0;
				GCC_PREPROCESSOR_DEFINITIONS = (
					"DEBUG=1",
					"$(inherited)",
				);
				GCC_WARN_64_TO_32_BIT_CONVERSION = YES;
				GCC_WARN_ABOUT_RETURN_TYPE = YES_ERROR;
				GCC_WARN_UNDECLARED_SELECTOR = YES;
				GCC_WARN_UNINITIALIZED_AUTOS = YES_AGGRESSIVE;
				GCC_WARN_UNUSED_FUNCTION = YES;
				GCC_WARN_UNUSED_VARIABLE = YES;
				IPHONEOS_DEPLOYMENT_TARGET = 16.1;
				MTL_ENABLE_DEBUG_INFO = INCLUDE_SOURCE;
				MTL_FAST_MATH = YES;
				ONLY_ACTIVE_ARCH = YES;
				SDKROOT = iphoneos;
				SWIFT_ACTIVE_COMPILATION_CONDITIONS = DEBUG;
				SWIFT_OPTIMIZATION_LEVEL = "-Onone";
			};
			name = Debug;
		};
		0D6CA35A292216A400E02393 /* Release */ = {
			isa = XCBuildConfiguration;
			buildSettings = {
				ALWAYS_SEARCH_USER_PATHS = NO;
				CLANG_ANALYZER_NONNULL = YES;
				CLANG_ANALYZER_NUMBER_OBJECT_CONVERSION = YES_AGGRESSIVE;
				CLANG_CXX_LANGUAGE_STANDARD = "gnu++20";
				CLANG_ENABLE_MODULES = YES;
				CLANG_ENABLE_OBJC_ARC = YES;
				CLANG_ENABLE_OBJC_WEAK = YES;
				CLANG_WARN_BLOCK_CAPTURE_AUTORELEASING = YES;
				CLANG_WARN_BOOL_CONVERSION = YES;
				CLANG_WARN_COMMA = YES;
				CLANG_WARN_CONSTANT_CONVERSION = YES;
				CLANG_WARN_DEPRECATED_OBJC_IMPLEMENTATIONS = YES;
				CLANG_WARN_DIRECT_OBJC_ISA_USAGE = YES_ERROR;
				CLANG_WARN_DOCUMENTATION_COMMENTS = YES;
				CLANG_WARN_EMPTY_BODY = YES;
				CLANG_WARN_ENUM_CONVERSION = YES;
				CLANG_WARN_INFINITE_RECURSION = YES;
				CLANG_WARN_INT_CONVERSION = YES;
				CLANG_WARN_NON_LITERAL_NULL_CONVERSION = YES;
				CLANG_WARN_OBJC_IMPLICIT_RETAIN_SELF = YES;
				CLANG_WARN_OBJC_LITERAL_CONVERSION = YES;
				CLANG_WARN_OBJC_ROOT_CLASS = YES_ERROR;
				CLANG_WARN_QUOTED_INCLUDE_IN_FRAMEWORK_HEADER = YES;
				CLANG_WARN_RANGE_LOOP_ANALYSIS = YES;
				CLANG_WARN_STRICT_PROTOTYPES = YES;
				CLANG_WARN_SUSPICIOUS_MOVE = YES;
				CLANG_WARN_UNGUARDED_AVAILABILITY = YES_AGGRESSIVE;
				CLANG_WARN_UNREACHABLE_CODE = YES;
				CLANG_WARN__DUPLICATE_METHOD_MATCH = YES;
				COPY_PHASE_STRIP = NO;
				DEBUG_INFORMATION_FORMAT = "dwarf-with-dsym";
				ENABLE_NS_ASSERTIONS = NO;
				ENABLE_STRICT_OBJC_MSGSEND = YES;
				GCC_C_LANGUAGE_STANDARD = gnu11;
				GCC_NO_COMMON_BLOCKS = YES;
				GCC_WARN_64_TO_32_BIT_CONVERSION = YES;
				GCC_WARN_ABOUT_RETURN_TYPE = YES_ERROR;
				GCC_WARN_UNDECLARED_SELECTOR = YES;
				GCC_WARN_UNINITIALIZED_AUTOS = YES_AGGRESSIVE;
				GCC_WARN_UNUSED_FUNCTION = YES;
				GCC_WARN_UNUSED_VARIABLE = YES;
				IPHONEOS_DEPLOYMENT_TARGET = 16.1;
				MTL_ENABLE_DEBUG_INFO = NO;
				MTL_FAST_MATH = YES;
				SDKROOT = iphoneos;
				SWIFT_COMPILATION_MODE = wholemodule;
				SWIFT_OPTIMIZATION_LEVEL = "-O";
				VALIDATE_PRODUCT = YES;
			};
			name = Release;
		};
		0D6CA35C292216A400E02393 /* Debug */ = {
			isa = XCBuildConfiguration;
			buildSettings = {
				ASSETCATALOG_COMPILER_APPICON_NAME = AppIcon;
				ASSETCATALOG_COMPILER_GLOBAL_ACCENT_COLOR_NAME = AccentColor;
				CODE_SIGN_ENTITLEMENTS = SpaceCapsule/SpaceCapsule.entitlements;
				CODE_SIGN_STYLE = Automatic;
				CURRENT_PROJECT_VERSION = 1;
				DEVELOPMENT_TEAM = 4G6ZD4247R;
				GENERATE_INFOPLIST_FILE = YES;
				INFOPLIST_FILE = SpaceCapsule/Info.plist;
				INFOPLIST_KEY_CFBundleDisplayName = "공간캡슐";
				INFOPLIST_KEY_NSLocationAlwaysAndWhenInUseUsageDescription = "This application requires location services to work";
				INFOPLIST_KEY_NSLocationAlwaysUsageDescription = "This application requires location services to work";
				INFOPLIST_KEY_NSLocationWhenInUseUsageDescription = "Location is required to find out where you are";
				INFOPLIST_KEY_UIApplicationSupportsIndirectInputEvents = YES;
				INFOPLIST_KEY_UILaunchStoryboardName = LaunchScreen.storyboard;
				INFOPLIST_KEY_UIMainStoryboardFile = "";
				INFOPLIST_KEY_UISupportedInterfaceOrientations_iPad = "UIInterfaceOrientationPortrait UIInterfaceOrientationPortraitUpsideDown UIInterfaceOrientationLandscapeLeft UIInterfaceOrientationLandscapeRight";
				INFOPLIST_KEY_UISupportedInterfaceOrientations_iPhone = "UIInterfaceOrientationPortrait UIInterfaceOrientationLandscapeLeft UIInterfaceOrientationLandscapeRight";
				LD_RUNPATH_SEARCH_PATHS = (
					"$(inherited)",
					"@executable_path/Frameworks",
				);
				MARKETING_VERSION = 1.0;
				PRODUCT_BUNDLE_IDENTIFIER = com.boostcamp.BoogieSpaceCapsule;
				PRODUCT_NAME = "$(TARGET_NAME)";
				SUPPORTED_PLATFORMS = "iphoneos iphonesimulator";
				SUPPORTS_MACCATALYST = NO;
				SUPPORTS_MAC_DESIGNED_FOR_IPHONE_IPAD = NO;
				SWIFT_EMIT_LOC_STRINGS = YES;
				SWIFT_VERSION = 5.0;
				TARGETED_DEVICE_FAMILY = 1;
			};
			name = Debug;
		};
		0D6CA35D292216A400E02393 /* Release */ = {
			isa = XCBuildConfiguration;
			buildSettings = {
				ASSETCATALOG_COMPILER_APPICON_NAME = AppIcon;
				ASSETCATALOG_COMPILER_GLOBAL_ACCENT_COLOR_NAME = AccentColor;
				CODE_SIGN_ENTITLEMENTS = SpaceCapsule/SpaceCapsule.entitlements;
				CODE_SIGN_STYLE = Automatic;
				CURRENT_PROJECT_VERSION = 1;
				DEVELOPMENT_TEAM = 4G6ZD4247R;
				GENERATE_INFOPLIST_FILE = YES;
				INFOPLIST_FILE = SpaceCapsule/Info.plist;
				INFOPLIST_KEY_CFBundleDisplayName = "공간캡슐";
				INFOPLIST_KEY_NSLocationAlwaysAndWhenInUseUsageDescription = "This application requires location services to work";
				INFOPLIST_KEY_NSLocationAlwaysUsageDescription = "This application requires location services to work";
				INFOPLIST_KEY_NSLocationWhenInUseUsageDescription = "Location is required to find out where you are";
				INFOPLIST_KEY_UIApplicationSupportsIndirectInputEvents = YES;
				INFOPLIST_KEY_UILaunchStoryboardName = LaunchScreen.storyboard;
				INFOPLIST_KEY_UIMainStoryboardFile = "";
				INFOPLIST_KEY_UISupportedInterfaceOrientations_iPad = "UIInterfaceOrientationPortrait UIInterfaceOrientationPortraitUpsideDown UIInterfaceOrientationLandscapeLeft UIInterfaceOrientationLandscapeRight";
				INFOPLIST_KEY_UISupportedInterfaceOrientations_iPhone = "UIInterfaceOrientationPortrait UIInterfaceOrientationLandscapeLeft UIInterfaceOrientationLandscapeRight";
				LD_RUNPATH_SEARCH_PATHS = (
					"$(inherited)",
					"@executable_path/Frameworks",
				);
				MARKETING_VERSION = 1.0;
				PRODUCT_BUNDLE_IDENTIFIER = com.boostcamp.BoogieSpaceCapsule;
				PRODUCT_NAME = "$(TARGET_NAME)";
				SUPPORTED_PLATFORMS = "iphoneos iphonesimulator";
				SUPPORTS_MACCATALYST = NO;
				SUPPORTS_MAC_DESIGNED_FOR_IPHONE_IPAD = NO;
				SWIFT_EMIT_LOC_STRINGS = YES;
				SWIFT_VERSION = 5.0;
				TARGETED_DEVICE_FAMILY = 1;
			};
			name = Release;
		};
		0D6CA35F292216A400E02393 /* Debug */ = {
			isa = XCBuildConfiguration;
			buildSettings = {
				ALWAYS_EMBED_SWIFT_STANDARD_LIBRARIES = YES;
				BUNDLE_LOADER = "$(TEST_HOST)";
				CODE_SIGN_STYLE = Automatic;
				CURRENT_PROJECT_VERSION = 1;
				DEVELOPMENT_TEAM = 4G6ZD4247R;
				GENERATE_INFOPLIST_FILE = YES;
				IPHONEOS_DEPLOYMENT_TARGET = 16.1;
				MARKETING_VERSION = 1.0;
				PRODUCT_BUNDLE_IDENTIFIER = com.boostcamp.boogie.SpaceCapsuleTests;
				PRODUCT_NAME = "$(TARGET_NAME)";
				SWIFT_EMIT_LOC_STRINGS = NO;
				SWIFT_VERSION = 5.0;
				TARGETED_DEVICE_FAMILY = "1,2";
				TEST_HOST = "$(BUILT_PRODUCTS_DIR)/SpaceCapsule.app/$(BUNDLE_EXECUTABLE_FOLDER_PATH)/SpaceCapsule";
			};
			name = Debug;
		};
		0D6CA360292216A400E02393 /* Release */ = {
			isa = XCBuildConfiguration;
			buildSettings = {
				ALWAYS_EMBED_SWIFT_STANDARD_LIBRARIES = YES;
				BUNDLE_LOADER = "$(TEST_HOST)";
				CODE_SIGN_STYLE = Automatic;
				CURRENT_PROJECT_VERSION = 1;
				DEVELOPMENT_TEAM = 4G6ZD4247R;
				GENERATE_INFOPLIST_FILE = YES;
				IPHONEOS_DEPLOYMENT_TARGET = 16.1;
				MARKETING_VERSION = 1.0;
				PRODUCT_BUNDLE_IDENTIFIER = com.boostcamp.boogie.SpaceCapsuleTests;
				PRODUCT_NAME = "$(TARGET_NAME)";
				SWIFT_EMIT_LOC_STRINGS = NO;
				SWIFT_VERSION = 5.0;
				TARGETED_DEVICE_FAMILY = "1,2";
				TEST_HOST = "$(BUILT_PRODUCTS_DIR)/SpaceCapsule.app/$(BUNDLE_EXECUTABLE_FOLDER_PATH)/SpaceCapsule";
			};
			name = Release;
		};
		0D6CA362292216A400E02393 /* Debug */ = {
			isa = XCBuildConfiguration;
			buildSettings = {
				ALWAYS_EMBED_SWIFT_STANDARD_LIBRARIES = YES;
				CODE_SIGN_STYLE = Automatic;
				CURRENT_PROJECT_VERSION = 1;
				DEVELOPMENT_TEAM = 4G6ZD4247R;
				GENERATE_INFOPLIST_FILE = YES;
				MARKETING_VERSION = 1.0;
				PRODUCT_BUNDLE_IDENTIFIER = com.boostcamp.boogie.SpaceCapsuleUITests;
				PRODUCT_NAME = "$(TARGET_NAME)";
				SWIFT_EMIT_LOC_STRINGS = NO;
				SWIFT_VERSION = 5.0;
				TARGETED_DEVICE_FAMILY = "1,2";
				TEST_TARGET_NAME = SpaceCapsule;
			};
			name = Debug;
		};
		0D6CA363292216A400E02393 /* Release */ = {
			isa = XCBuildConfiguration;
			buildSettings = {
				ALWAYS_EMBED_SWIFT_STANDARD_LIBRARIES = YES;
				CODE_SIGN_STYLE = Automatic;
				CURRENT_PROJECT_VERSION = 1;
				DEVELOPMENT_TEAM = 4G6ZD4247R;
				GENERATE_INFOPLIST_FILE = YES;
				MARKETING_VERSION = 1.0;
				PRODUCT_BUNDLE_IDENTIFIER = com.boostcamp.boogie.SpaceCapsuleUITests;
				PRODUCT_NAME = "$(TARGET_NAME)";
				SWIFT_EMIT_LOC_STRINGS = NO;
				SWIFT_VERSION = 5.0;
				TARGETED_DEVICE_FAMILY = "1,2";
				TEST_TARGET_NAME = SpaceCapsule;
			};
			name = Release;
		};
/* End XCBuildConfiguration section */

/* Begin XCConfigurationList section */
		0D6CA32C292216A300E02393 /* Build configuration list for PBXProject "SpaceCapsule" */ = {
			isa = XCConfigurationList;
			buildConfigurations = (
				0D6CA359292216A400E02393 /* Debug */,
				0D6CA35A292216A400E02393 /* Release */,
			);
			defaultConfigurationIsVisible = 0;
			defaultConfigurationName = Release;
		};
		0D6CA35B292216A400E02393 /* Build configuration list for PBXNativeTarget "SpaceCapsule" */ = {
			isa = XCConfigurationList;
			buildConfigurations = (
				0D6CA35C292216A400E02393 /* Debug */,
				0D6CA35D292216A400E02393 /* Release */,
			);
			defaultConfigurationIsVisible = 0;
			defaultConfigurationName = Release;
		};
		0D6CA35E292216A400E02393 /* Build configuration list for PBXNativeTarget "SpaceCapsuleTests" */ = {
			isa = XCConfigurationList;
			buildConfigurations = (
				0D6CA35F292216A400E02393 /* Debug */,
				0D6CA360292216A400E02393 /* Release */,
			);
			defaultConfigurationIsVisible = 0;
			defaultConfigurationName = Release;
		};
		0D6CA361292216A400E02393 /* Build configuration list for PBXNativeTarget "SpaceCapsuleUITests" */ = {
			isa = XCConfigurationList;
			buildConfigurations = (
				0D6CA362292216A400E02393 /* Debug */,
				0D6CA363292216A400E02393 /* Release */,
			);
			defaultConfigurationIsVisible = 0;
			defaultConfigurationName = Release;
		};
/* End XCConfigurationList section */

/* Begin XCRemoteSwiftPackageReference section */
		0D6CA364292218EB00E02393 /* XCRemoteSwiftPackageReference "RxSwift" */ = {
			isa = XCRemoteSwiftPackageReference;
			repositoryURL = "https://github.com/ReactiveX/RxSwift";
			requirement = {
				kind = upToNextMajorVersion;
				minimumVersion = 6.0.0;
			};
		};
		0D6CA3692922197D00E02393 /* XCRemoteSwiftPackageReference "SnapKit" */ = {
			isa = XCRemoteSwiftPackageReference;
			repositoryURL = "https://github.com/SnapKit/SnapKit.git";
			requirement = {
				kind = upToNextMajorVersion;
				minimumVersion = 5.0.0;
			};
		};
		0D707D4F29222BEB00380B14 /* XCRemoteSwiftPackageReference "firebase-ios-sdk" */ = {
			isa = XCRemoteSwiftPackageReference;
			repositoryURL = "https://github.com/firebase/firebase-ios-sdk";
			requirement = {
				branch = master;
				kind = branch;
			};
		};
/* End XCRemoteSwiftPackageReference section */

/* Begin XCSwiftPackageProductDependency section */
		0D6CA365292218EB00E02393 /* RxCocoa */ = {
			isa = XCSwiftPackageProductDependency;
			package = 0D6CA364292218EB00E02393 /* XCRemoteSwiftPackageReference "RxSwift" */;
			productName = RxCocoa;
		};
		0D6CA367292218EB00E02393 /* RxSwift */ = {
			isa = XCSwiftPackageProductDependency;
			package = 0D6CA364292218EB00E02393 /* XCRemoteSwiftPackageReference "RxSwift" */;
			productName = RxSwift;
		};
		0D6CA36A2922197D00E02393 /* SnapKit */ = {
			isa = XCSwiftPackageProductDependency;
			package = 0D6CA3692922197D00E02393 /* XCRemoteSwiftPackageReference "SnapKit" */;
			productName = SnapKit;
		};
		0D707D5029222BEB00380B14 /* FirebaseAuth */ = {
			isa = XCSwiftPackageProductDependency;
			package = 0D707D4F29222BEB00380B14 /* XCRemoteSwiftPackageReference "firebase-ios-sdk" */;
			productName = FirebaseAuth;
		};
		0D707D5229222BEB00380B14 /* FirebaseFirestore */ = {
			isa = XCSwiftPackageProductDependency;
			package = 0D707D4F29222BEB00380B14 /* XCRemoteSwiftPackageReference "firebase-ios-sdk" */;
			productName = FirebaseFirestore;
		};
		0D707D5429222BEB00380B14 /* FirebaseStorage */ = {
			isa = XCSwiftPackageProductDependency;
			package = 0D707D4F29222BEB00380B14 /* XCRemoteSwiftPackageReference "firebase-ios-sdk" */;
			productName = FirebaseStorage;
		};
/* End XCSwiftPackageProductDependency section */
	};
	rootObject = 0D6CA329292216A300E02393 /* Project object */;
}
