// !$*UTF8*$!
{
	archiveVersion = 1;
	classes = {
	};
	objectVersion = 56;
	objects = {

/* Begin PBXBuildFile section */
		0D6CA335292216A300E02393 /* AppDelegate.swift in Sources */ = {isa = PBXBuildFile; fileRef = 0D6CA334292216A300E02393 /* AppDelegate.swift */; };
		0D6CA337292216A300E02393 /* SceneDelegate.swift in Sources */ = {isa = PBXBuildFile; fileRef = 0D6CA336292216A300E02393 /* SceneDelegate.swift */; };
		0D6CA33E292216A400E02393 /* Assets.xcassets in Resources */ = {isa = PBXBuildFile; fileRef = 0D6CA33D292216A400E02393 /* Assets.xcassets */; };
		0D6CA341292216A400E02393 /* LaunchScreen.storyboard in Resources */ = {isa = PBXBuildFile; fileRef = 0D6CA33F292216A400E02393 /* LaunchScreen.storyboard */; };
		0D6CA34C292216A400E02393 /* SpaceCapsuleTests.swift in Sources */ = {isa = PBXBuildFile; fileRef = 0D6CA34B292216A400E02393 /* SpaceCapsuleTests.swift */; };
		0D6CA356292216A400E02393 /* SpaceCapsuleUITests.swift in Sources */ = {isa = PBXBuildFile; fileRef = 0D6CA355292216A400E02393 /* SpaceCapsuleUITests.swift */; };
		0D6CA358292216A400E02393 /* SpaceCapsuleUITestsLaunchTests.swift in Sources */ = {isa = PBXBuildFile; fileRef = 0D6CA357292216A400E02393 /* SpaceCapsuleUITestsLaunchTests.swift */; };
		0D6CA366292218EB00E02393 /* RxCocoa in Frameworks */ = {isa = PBXBuildFile; productRef = 0D6CA365292218EB00E02393 /* RxCocoa */; };
		0D6CA368292218EB00E02393 /* RxSwift in Frameworks */ = {isa = PBXBuildFile; productRef = 0D6CA367292218EB00E02393 /* RxSwift */; };
		0D6CA36B2922197D00E02393 /* SnapKit in Frameworks */ = {isa = PBXBuildFile; productRef = 0D6CA36A2922197D00E02393 /* SnapKit */; };
		0D707D5129222BEB00380B14 /* FirebaseAuth in Frameworks */ = {isa = PBXBuildFile; productRef = 0D707D5029222BEB00380B14 /* FirebaseAuth */; };
		0D707D5329222BEB00380B14 /* FirebaseFirestore in Frameworks */ = {isa = PBXBuildFile; productRef = 0D707D5229222BEB00380B14 /* FirebaseFirestore */; };
		0D707D5529222BEB00380B14 /* FirebaseStorage in Frameworks */ = {isa = PBXBuildFile; productRef = 0D707D5429222BEB00380B14 /* FirebaseStorage */; };
		0D90DAEF29238B77000DCC84 /* CapsuleLocateView.swift in Sources */ = {isa = PBXBuildFile; fileRef = 0D90DAEE29238B77000DCC84 /* CapsuleLocateView.swift */; };
		0D90DAF129238B85000DCC84 /* CapsuleLocateCoordinator.swift in Sources */ = {isa = PBXBuildFile; fileRef = 0D90DAF029238B85000DCC84 /* CapsuleLocateCoordinator.swift */; };
		0D90DAF329238B90000DCC84 /* CapsuleCloseCoordinator.swift in Sources */ = {isa = PBXBuildFile; fileRef = 0D90DAF229238B90000DCC84 /* CapsuleCloseCoordinator.swift */; };
		0D90DAF7292397CF000DCC84 /* UIColor+.swift in Sources */ = {isa = PBXBuildFile; fileRef = 0D90DAF6292397CF000DCC84 /* UIColor+.swift */; };
		28049CE529236EEC002389BD /* CapsuleAccessCoordinator.swift in Sources */ = {isa = PBXBuildFile; fileRef = 28049CE429236EEC002389BD /* CapsuleAccessCoordinator.swift */; };
		28049CE729237B2B002389BD /* BaseViewController.swift in Sources */ = {isa = PBXBuildFile; fileRef = 28049CE629237B2B002389BD /* BaseViewController.swift */; };
		28049CE929237BB2002389BD /* BaseView.swift in Sources */ = {isa = PBXBuildFile; fileRef = 28049CE829237BB2002389BD /* BaseView.swift */; };
		28049CEB29237E96002389BD /* BaseViewModel.swift in Sources */ = {isa = PBXBuildFile; fileRef = 28049CEA29237E96002389BD /* BaseViewModel.swift */; };
		28049CED29238216002389BD /* Bindable.swift in Sources */ = {isa = PBXBuildFile; fileRef = 28049CEC29238216002389BD /* Bindable.swift */; };
		288A8E922923244D000229D2 /* Coordinator.swift in Sources */ = {isa = PBXBuildFile; fileRef = 288A8E912923244D000229D2 /* Coordinator.swift */; };
		288A8E97292359CF000229D2 /* AuthCoordinator.swift in Sources */ = {isa = PBXBuildFile; fileRef = 288A8E96292359CF000229D2 /* AuthCoordinator.swift */; };
		288A8E9B29235A6E000229D2 /* SignInView.swift in Sources */ = {isa = PBXBuildFile; fileRef = 288A8E9A29235A6E000229D2 /* SignInView.swift */; };
		288A8E9D29235A80000229D2 /* SignInViewController.swift in Sources */ = {isa = PBXBuildFile; fileRef = 288A8E9C29235A80000229D2 /* SignInViewController.swift */; };
		288A8E9F29235A91000229D2 /* SignInViewModel.swift in Sources */ = {isa = PBXBuildFile; fileRef = 288A8E9E29235A91000229D2 /* SignInViewModel.swift */; };
		288A8EA129235AA1000229D2 /* SignInCoordinator.swift in Sources */ = {isa = PBXBuildFile; fileRef = 288A8EA029235AA1000229D2 /* SignInCoordinator.swift */; };
		288A8EA329235ADE000229D2 /* NicknameView.swift in Sources */ = {isa = PBXBuildFile; fileRef = 288A8EA229235ADE000229D2 /* NicknameView.swift */; };
		288A8EA529235AE8000229D2 /* NicknameViewController.swift in Sources */ = {isa = PBXBuildFile; fileRef = 288A8EA429235AE8000229D2 /* NicknameViewController.swift */; };
		288A8EA729235AF1000229D2 /* NicknameViewModel.swift in Sources */ = {isa = PBXBuildFile; fileRef = 288A8EA629235AF1000229D2 /* NicknameViewModel.swift */; };
		288A8EA929235AFC000229D2 /* NicknameCoordinator.swift in Sources */ = {isa = PBXBuildFile; fileRef = 288A8EA829235AFC000229D2 /* NicknameCoordinator.swift */; };
		288A8EB029235B46000229D2 /* TabBarCoordinator.swift in Sources */ = {isa = PBXBuildFile; fileRef = 288A8EAF29235B46000229D2 /* TabBarCoordinator.swift */; };
		288A8EB229235B5A000229D2 /* ProfileView.swift in Sources */ = {isa = PBXBuildFile; fileRef = 288A8EB129235B5A000229D2 /* ProfileView.swift */; };
		288A8EB429235B62000229D2 /* ProfileViewController.swift in Sources */ = {isa = PBXBuildFile; fileRef = 288A8EB329235B62000229D2 /* ProfileViewController.swift */; };
		288A8EB629235B69000229D2 /* ProfileViewModel.swift in Sources */ = {isa = PBXBuildFile; fileRef = 288A8EB529235B69000229D2 /* ProfileViewModel.swift */; };
		288A8EB829235B77000229D2 /* ProfileCoordinator.swift in Sources */ = {isa = PBXBuildFile; fileRef = 288A8EB729235B77000229D2 /* ProfileCoordinator.swift */; };
		288A8EBA29235B86000229D2 /* CapsuleListView.swift in Sources */ = {isa = PBXBuildFile; fileRef = 288A8EB929235B86000229D2 /* CapsuleListView.swift */; };
		288A8EBC29235B8E000229D2 /* CapsuleListViewController.swift in Sources */ = {isa = PBXBuildFile; fileRef = 288A8EBB29235B8E000229D2 /* CapsuleListViewController.swift */; };
		288A8EBE29235B97000229D2 /* CapsuleListViewModel.swift in Sources */ = {isa = PBXBuildFile; fileRef = 288A8EBD29235B97000229D2 /* CapsuleListViewModel.swift */; };
		288A8EC029235BA5000229D2 /* CapsuleListCoordinator.swift in Sources */ = {isa = PBXBuildFile; fileRef = 288A8EBF29235BA5000229D2 /* CapsuleListCoordinator.swift */; };
		288A8EC229235BAF000229D2 /* CapsuleMapView.swift in Sources */ = {isa = PBXBuildFile; fileRef = 288A8EC129235BAF000229D2 /* CapsuleMapView.swift */; };
		288A8EC429235BB7000229D2 /* CapsuleMapViewController.swift in Sources */ = {isa = PBXBuildFile; fileRef = 288A8EC329235BB7000229D2 /* CapsuleMapViewController.swift */; };
		288A8EC629235BBD000229D2 /* CapsuleMapViewModel.swift in Sources */ = {isa = PBXBuildFile; fileRef = 288A8EC529235BBD000229D2 /* CapsuleMapViewModel.swift */; };
		288A8EC829235BCE000229D2 /* CapsuleMapCoordinator.swift in Sources */ = {isa = PBXBuildFile; fileRef = 288A8EC729235BCE000229D2 /* CapsuleMapCoordinator.swift */; };
		288A8ECA29235BDC000229D2 /* HomeView.swift in Sources */ = {isa = PBXBuildFile; fileRef = 288A8EC929235BDC000229D2 /* HomeView.swift */; };
		288A8ECC29235BE9000229D2 /* HomeViewController.swift in Sources */ = {isa = PBXBuildFile; fileRef = 288A8ECB29235BE9000229D2 /* HomeViewController.swift */; };
		288A8ECE29235BEF000229D2 /* HomeViewModel.swift in Sources */ = {isa = PBXBuildFile; fileRef = 288A8ECD29235BEF000229D2 /* HomeViewModel.swift */; };
		288A8ED029235BF9000229D2 /* HomeCoordinator.swift in Sources */ = {isa = PBXBuildFile; fileRef = 288A8ECF29235BF9000229D2 /* HomeCoordinator.swift */; };
		288A8ED329235C65000229D2 /* CapsuleCreateView.swift in Sources */ = {isa = PBXBuildFile; fileRef = 288A8ED229235C65000229D2 /* CapsuleCreateView.swift */; };
		288A8ED529235C6F000229D2 /* CapsuleCreateViewController.swift in Sources */ = {isa = PBXBuildFile; fileRef = 288A8ED429235C6F000229D2 /* CapsuleCreateViewController.swift */; };
		288A8ED729235C77000229D2 /* CapsuleCreateViewModel.swift in Sources */ = {isa = PBXBuildFile; fileRef = 288A8ED629235C77000229D2 /* CapsuleCreateViewModel.swift */; };
		288A8ED929235C83000229D2 /* CapsuleCreateCoordinator.swift in Sources */ = {isa = PBXBuildFile; fileRef = 288A8ED829235C83000229D2 /* CapsuleCreateCoordinator.swift */; };
		288A8EE029235E36000229D2 /* CapsuleLocateViewController.swift in Sources */ = {isa = PBXBuildFile; fileRef = 288A8EDF29235E36000229D2 /* CapsuleLocateViewController.swift */; };
		288A8EE229235E3F000229D2 /* CapsuleLocateViewModel.swift in Sources */ = {isa = PBXBuildFile; fileRef = 288A8EE129235E3F000229D2 /* CapsuleLocateViewModel.swift */; };
		288A8EE629235FD5000229D2 /* CapsuleCloseView.swift in Sources */ = {isa = PBXBuildFile; fileRef = 288A8EE529235FD5000229D2 /* CapsuleCloseView.swift */; };
		288A8EE829235FE2000229D2 /* CapsuleCloseViewController.swift in Sources */ = {isa = PBXBuildFile; fileRef = 288A8EE729235FE2000229D2 /* CapsuleCloseViewController.swift */; };
		288A8EEA29235FF1000229D2 /* CapsuleCloseViewModel.swift in Sources */ = {isa = PBXBuildFile; fileRef = 288A8EE929235FF1000229D2 /* CapsuleCloseViewModel.swift */; };
		288A8EF129236075000229D2 /* CapsuleOpenView.swift in Sources */ = {isa = PBXBuildFile; fileRef = 288A8EF029236075000229D2 /* CapsuleOpenView.swift */; };
		288A8EF32923607D000229D2 /* CapsuleOpenViewController.swift in Sources */ = {isa = PBXBuildFile; fileRef = 288A8EF22923607D000229D2 /* CapsuleOpenViewController.swift */; };
		288A8EF529236086000229D2 /* CapsuleOpenViewModel.swift in Sources */ = {isa = PBXBuildFile; fileRef = 288A8EF429236086000229D2 /* CapsuleOpenViewModel.swift */; };
		288A8EF72923608F000229D2 /* CapsuleOpenCoordinator.swift in Sources */ = {isa = PBXBuildFile; fileRef = 288A8EF62923608F000229D2 /* CapsuleOpenCoordinator.swift */; };
		288A8EF92923609C000229D2 /* CapsuleDetailView.swift in Sources */ = {isa = PBXBuildFile; fileRef = 288A8EF82923609C000229D2 /* CapsuleDetailView.swift */; };
		288A8EFB292360A4000229D2 /* CapsuleDetailViewController.swift in Sources */ = {isa = PBXBuildFile; fileRef = 288A8EFA292360A4000229D2 /* CapsuleDetailViewController.swift */; };
		288A8EFD292360AB000229D2 /* CapsuleDetailViewModel.swift in Sources */ = {isa = PBXBuildFile; fileRef = 288A8EFC292360AB000229D2 /* CapsuleDetailViewModel.swift */; };
		288A8EFF292360BC000229D2 /* CapsuleDetailCoordinator.swift in Sources */ = {isa = PBXBuildFile; fileRef = 288A8EFE292360BC000229D2 /* CapsuleDetailCoordinator.swift */; };
		288A8F03292362CC000229D2 /* CapsuleAddCoordinator.swift in Sources */ = {isa = PBXBuildFile; fileRef = 288A8F02292362CC000229D2 /* CapsuleAddCoordinator.swift */; };
		288A8F0529236505000229D2 /* AppCoordinator.swift in Sources */ = {isa = PBXBuildFile; fileRef = 288A8F0429236505000229D2 /* AppCoordinator.swift */; };
		59F567F92923C1B100F756B2 /* GoogleService-Info.plist in Resources */ = {isa = PBXBuildFile; fileRef = 59F567F82923C1B100F756B2 /* GoogleService-Info.plist */; };
/* End PBXBuildFile section */

/* Begin PBXContainerItemProxy section */
		0D6CA348292216A400E02393 /* PBXContainerItemProxy */ = {
			isa = PBXContainerItemProxy;
			containerPortal = 0D6CA329292216A300E02393 /* Project object */;
			proxyType = 1;
			remoteGlobalIDString = 0D6CA330292216A300E02393;
			remoteInfo = SpaceCapsule;
		};
		0D6CA352292216A400E02393 /* PBXContainerItemProxy */ = {
			isa = PBXContainerItemProxy;
			containerPortal = 0D6CA329292216A300E02393 /* Project object */;
			proxyType = 1;
			remoteGlobalIDString = 0D6CA330292216A300E02393;
			remoteInfo = SpaceCapsule;
		};
/* End PBXContainerItemProxy section */

/* Begin PBXFileReference section */
		0D6CA331292216A300E02393 /* SpaceCapsule.app */ = {isa = PBXFileReference; explicitFileType = wrapper.application; includeInIndex = 0; path = SpaceCapsule.app; sourceTree = BUILT_PRODUCTS_DIR; };
		0D6CA334292216A300E02393 /* AppDelegate.swift */ = {isa = PBXFileReference; lastKnownFileType = sourcecode.swift; path = AppDelegate.swift; sourceTree = "<group>"; };
		0D6CA336292216A300E02393 /* SceneDelegate.swift */ = {isa = PBXFileReference; lastKnownFileType = sourcecode.swift; path = SceneDelegate.swift; sourceTree = "<group>"; };
		0D6CA33D292216A400E02393 /* Assets.xcassets */ = {isa = PBXFileReference; lastKnownFileType = folder.assetcatalog; path = Assets.xcassets; sourceTree = "<group>"; };
		0D6CA340292216A400E02393 /* Base */ = {isa = PBXFileReference; lastKnownFileType = file.storyboard; name = Base; path = Base.lproj/LaunchScreen.storyboard; sourceTree = "<group>"; };
		0D6CA342292216A400E02393 /* Info.plist */ = {isa = PBXFileReference; lastKnownFileType = text.plist.xml; path = Info.plist; sourceTree = "<group>"; };
		0D6CA347292216A400E02393 /* SpaceCapsuleTests.xctest */ = {isa = PBXFileReference; explicitFileType = wrapper.cfbundle; includeInIndex = 0; path = SpaceCapsuleTests.xctest; sourceTree = BUILT_PRODUCTS_DIR; };
		0D6CA34B292216A400E02393 /* SpaceCapsuleTests.swift */ = {isa = PBXFileReference; lastKnownFileType = sourcecode.swift; path = SpaceCapsuleTests.swift; sourceTree = "<group>"; };
		0D6CA351292216A400E02393 /* SpaceCapsuleUITests.xctest */ = {isa = PBXFileReference; explicitFileType = wrapper.cfbundle; includeInIndex = 0; path = SpaceCapsuleUITests.xctest; sourceTree = BUILT_PRODUCTS_DIR; };
		0D6CA355292216A400E02393 /* SpaceCapsuleUITests.swift */ = {isa = PBXFileReference; lastKnownFileType = sourcecode.swift; path = SpaceCapsuleUITests.swift; sourceTree = "<group>"; };
		0D6CA357292216A400E02393 /* SpaceCapsuleUITestsLaunchTests.swift */ = {isa = PBXFileReference; lastKnownFileType = sourcecode.swift; path = SpaceCapsuleUITestsLaunchTests.swift; sourceTree = "<group>"; };
		0D90DAEE29238B77000DCC84 /* CapsuleLocateView.swift */ = {isa = PBXFileReference; lastKnownFileType = sourcecode.swift; path = CapsuleLocateView.swift; sourceTree = "<group>"; };
		0D90DAF029238B85000DCC84 /* CapsuleLocateCoordinator.swift */ = {isa = PBXFileReference; lastKnownFileType = sourcecode.swift; path = CapsuleLocateCoordinator.swift; sourceTree = "<group>"; };
		0D90DAF229238B90000DCC84 /* CapsuleCloseCoordinator.swift */ = {isa = PBXFileReference; lastKnownFileType = sourcecode.swift; path = CapsuleCloseCoordinator.swift; sourceTree = "<group>"; };
		0D90DAF6292397CF000DCC84 /* UIColor+.swift */ = {isa = PBXFileReference; lastKnownFileType = sourcecode.swift; path = "UIColor+.swift"; sourceTree = "<group>"; };
		28049CE429236EEC002389BD /* CapsuleAccessCoordinator.swift */ = {isa = PBXFileReference; lastKnownFileType = sourcecode.swift; path = CapsuleAccessCoordinator.swift; sourceTree = "<group>"; };
		28049CE629237B2B002389BD /* BaseViewController.swift */ = {isa = PBXFileReference; lastKnownFileType = sourcecode.swift; path = BaseViewController.swift; sourceTree = "<group>"; };
		28049CE829237BB2002389BD /* BaseView.swift */ = {isa = PBXFileReference; lastKnownFileType = sourcecode.swift; path = BaseView.swift; sourceTree = "<group>"; };
		28049CEA29237E96002389BD /* BaseViewModel.swift */ = {isa = PBXFileReference; lastKnownFileType = sourcecode.swift; path = BaseViewModel.swift; sourceTree = "<group>"; };
		28049CEC29238216002389BD /* Bindable.swift */ = {isa = PBXFileReference; lastKnownFileType = sourcecode.swift; path = Bindable.swift; sourceTree = "<group>"; };
		288A8E912923244D000229D2 /* Coordinator.swift */ = {isa = PBXFileReference; lastKnownFileType = sourcecode.swift; path = Coordinator.swift; sourceTree = "<group>"; };
		288A8E96292359CF000229D2 /* AuthCoordinator.swift */ = {isa = PBXFileReference; lastKnownFileType = sourcecode.swift; path = AuthCoordinator.swift; sourceTree = "<group>"; };
		288A8E9A29235A6E000229D2 /* SignInView.swift */ = {isa = PBXFileReference; lastKnownFileType = sourcecode.swift; path = SignInView.swift; sourceTree = "<group>"; };
		288A8E9C29235A80000229D2 /* SignInViewController.swift */ = {isa = PBXFileReference; lastKnownFileType = sourcecode.swift; path = SignInViewController.swift; sourceTree = "<group>"; };
		288A8E9E29235A91000229D2 /* SignInViewModel.swift */ = {isa = PBXFileReference; lastKnownFileType = sourcecode.swift; path = SignInViewModel.swift; sourceTree = "<group>"; };
		288A8EA029235AA1000229D2 /* SignInCoordinator.swift */ = {isa = PBXFileReference; lastKnownFileType = sourcecode.swift; path = SignInCoordinator.swift; sourceTree = "<group>"; };
		288A8EA229235ADE000229D2 /* NicknameView.swift */ = {isa = PBXFileReference; lastKnownFileType = sourcecode.swift; path = NicknameView.swift; sourceTree = "<group>"; };
		288A8EA429235AE8000229D2 /* NicknameViewController.swift */ = {isa = PBXFileReference; lastKnownFileType = sourcecode.swift; path = NicknameViewController.swift; sourceTree = "<group>"; };
		288A8EA629235AF1000229D2 /* NicknameViewModel.swift */ = {isa = PBXFileReference; lastKnownFileType = sourcecode.swift; path = NicknameViewModel.swift; sourceTree = "<group>"; };
		288A8EA829235AFC000229D2 /* NicknameCoordinator.swift */ = {isa = PBXFileReference; lastKnownFileType = sourcecode.swift; path = NicknameCoordinator.swift; sourceTree = "<group>"; };
		288A8EAF29235B46000229D2 /* TabBarCoordinator.swift */ = {isa = PBXFileReference; lastKnownFileType = sourcecode.swift; path = TabBarCoordinator.swift; sourceTree = "<group>"; };
		288A8EB129235B5A000229D2 /* ProfileView.swift */ = {isa = PBXFileReference; lastKnownFileType = sourcecode.swift; path = ProfileView.swift; sourceTree = "<group>"; };
		288A8EB329235B62000229D2 /* ProfileViewController.swift */ = {isa = PBXFileReference; lastKnownFileType = sourcecode.swift; path = ProfileViewController.swift; sourceTree = "<group>"; };
		288A8EB529235B69000229D2 /* ProfileViewModel.swift */ = {isa = PBXFileReference; lastKnownFileType = sourcecode.swift; path = ProfileViewModel.swift; sourceTree = "<group>"; };
		288A8EB729235B77000229D2 /* ProfileCoordinator.swift */ = {isa = PBXFileReference; lastKnownFileType = sourcecode.swift; path = ProfileCoordinator.swift; sourceTree = "<group>"; };
		288A8EB929235B86000229D2 /* CapsuleListView.swift */ = {isa = PBXFileReference; lastKnownFileType = sourcecode.swift; path = CapsuleListView.swift; sourceTree = "<group>"; };
		288A8EBB29235B8E000229D2 /* CapsuleListViewController.swift */ = {isa = PBXFileReference; lastKnownFileType = sourcecode.swift; path = CapsuleListViewController.swift; sourceTree = "<group>"; };
		288A8EBD29235B97000229D2 /* CapsuleListViewModel.swift */ = {isa = PBXFileReference; lastKnownFileType = sourcecode.swift; path = CapsuleListViewModel.swift; sourceTree = "<group>"; };
		288A8EBF29235BA5000229D2 /* CapsuleListCoordinator.swift */ = {isa = PBXFileReference; lastKnownFileType = sourcecode.swift; path = CapsuleListCoordinator.swift; sourceTree = "<group>"; };
		288A8EC129235BAF000229D2 /* CapsuleMapView.swift */ = {isa = PBXFileReference; lastKnownFileType = sourcecode.swift; path = CapsuleMapView.swift; sourceTree = "<group>"; };
		288A8EC329235BB7000229D2 /* CapsuleMapViewController.swift */ = {isa = PBXFileReference; lastKnownFileType = sourcecode.swift; path = CapsuleMapViewController.swift; sourceTree = "<group>"; };
		288A8EC529235BBD000229D2 /* CapsuleMapViewModel.swift */ = {isa = PBXFileReference; lastKnownFileType = sourcecode.swift; path = CapsuleMapViewModel.swift; sourceTree = "<group>"; };
		288A8EC729235BCE000229D2 /* CapsuleMapCoordinator.swift */ = {isa = PBXFileReference; lastKnownFileType = sourcecode.swift; path = CapsuleMapCoordinator.swift; sourceTree = "<group>"; };
		288A8EC929235BDC000229D2 /* HomeView.swift */ = {isa = PBXFileReference; lastKnownFileType = sourcecode.swift; path = HomeView.swift; sourceTree = "<group>"; };
		288A8ECB29235BE9000229D2 /* HomeViewController.swift */ = {isa = PBXFileReference; lastKnownFileType = sourcecode.swift; path = HomeViewController.swift; sourceTree = "<group>"; };
		288A8ECD29235BEF000229D2 /* HomeViewModel.swift */ = {isa = PBXFileReference; lastKnownFileType = sourcecode.swift; path = HomeViewModel.swift; sourceTree = "<group>"; };
		288A8ECF29235BF9000229D2 /* HomeCoordinator.swift */ = {isa = PBXFileReference; lastKnownFileType = sourcecode.swift; path = HomeCoordinator.swift; sourceTree = "<group>"; };
		288A8ED229235C65000229D2 /* CapsuleCreateView.swift */ = {isa = PBXFileReference; lastKnownFileType = sourcecode.swift; path = CapsuleCreateView.swift; sourceTree = "<group>"; };
		288A8ED429235C6F000229D2 /* CapsuleCreateViewController.swift */ = {isa = PBXFileReference; lastKnownFileType = sourcecode.swift; path = CapsuleCreateViewController.swift; sourceTree = "<group>"; };
		288A8ED629235C77000229D2 /* CapsuleCreateViewModel.swift */ = {isa = PBXFileReference; lastKnownFileType = sourcecode.swift; path = CapsuleCreateViewModel.swift; sourceTree = "<group>"; };
		288A8ED829235C83000229D2 /* CapsuleCreateCoordinator.swift */ = {isa = PBXFileReference; lastKnownFileType = sourcecode.swift; path = CapsuleCreateCoordinator.swift; sourceTree = "<group>"; };
		288A8EDF29235E36000229D2 /* CapsuleLocateViewController.swift */ = {isa = PBXFileReference; lastKnownFileType = sourcecode.swift; path = CapsuleLocateViewController.swift; sourceTree = "<group>"; };
		288A8EE129235E3F000229D2 /* CapsuleLocateViewModel.swift */ = {isa = PBXFileReference; lastKnownFileType = sourcecode.swift; path = CapsuleLocateViewModel.swift; sourceTree = "<group>"; };
		288A8EE529235FD5000229D2 /* CapsuleCloseView.swift */ = {isa = PBXFileReference; lastKnownFileType = sourcecode.swift; path = CapsuleCloseView.swift; sourceTree = "<group>"; };
		288A8EE729235FE2000229D2 /* CapsuleCloseViewController.swift */ = {isa = PBXFileReference; lastKnownFileType = sourcecode.swift; path = CapsuleCloseViewController.swift; sourceTree = "<group>"; };
		288A8EE929235FF1000229D2 /* CapsuleCloseViewModel.swift */ = {isa = PBXFileReference; lastKnownFileType = sourcecode.swift; path = CapsuleCloseViewModel.swift; sourceTree = "<group>"; };
		288A8EF029236075000229D2 /* CapsuleOpenView.swift */ = {isa = PBXFileReference; lastKnownFileType = sourcecode.swift; path = CapsuleOpenView.swift; sourceTree = "<group>"; };
		288A8EF22923607D000229D2 /* CapsuleOpenViewController.swift */ = {isa = PBXFileReference; lastKnownFileType = sourcecode.swift; path = CapsuleOpenViewController.swift; sourceTree = "<group>"; };
		288A8EF429236086000229D2 /* CapsuleOpenViewModel.swift */ = {isa = PBXFileReference; lastKnownFileType = sourcecode.swift; path = CapsuleOpenViewModel.swift; sourceTree = "<group>"; };
		288A8EF62923608F000229D2 /* CapsuleOpenCoordinator.swift */ = {isa = PBXFileReference; lastKnownFileType = sourcecode.swift; path = CapsuleOpenCoordinator.swift; sourceTree = "<group>"; };
		288A8EF82923609C000229D2 /* CapsuleDetailView.swift */ = {isa = PBXFileReference; lastKnownFileType = sourcecode.swift; path = CapsuleDetailView.swift; sourceTree = "<group>"; };
		288A8EFA292360A4000229D2 /* CapsuleDetailViewController.swift */ = {isa = PBXFileReference; lastKnownFileType = sourcecode.swift; path = CapsuleDetailViewController.swift; sourceTree = "<group>"; };
		288A8EFC292360AB000229D2 /* CapsuleDetailViewModel.swift */ = {isa = PBXFileReference; lastKnownFileType = sourcecode.swift; path = CapsuleDetailViewModel.swift; sourceTree = "<group>"; };
		288A8EFE292360BC000229D2 /* CapsuleDetailCoordinator.swift */ = {isa = PBXFileReference; lastKnownFileType = sourcecode.swift; path = CapsuleDetailCoordinator.swift; sourceTree = "<group>"; };
		288A8F02292362CC000229D2 /* CapsuleAddCoordinator.swift */ = {isa = PBXFileReference; lastKnownFileType = sourcecode.swift; path = CapsuleAddCoordinator.swift; sourceTree = "<group>"; };
		288A8F0429236505000229D2 /* AppCoordinator.swift */ = {isa = PBXFileReference; lastKnownFileType = sourcecode.swift; path = AppCoordinator.swift; sourceTree = "<group>"; };
		59F567F72923BE1E00F756B2 /* SpaceCapsule.entitlements */ = {isa = PBXFileReference; lastKnownFileType = text.plist.entitlements; path = SpaceCapsule.entitlements; sourceTree = "<group>"; };
		59F567F82923C1B100F756B2 /* GoogleService-Info.plist */ = {isa = PBXFileReference; fileEncoding = 4; lastKnownFileType = text.plist.xml; path = "GoogleService-Info.plist"; sourceTree = "<group>"; };
/* End PBXFileReference section */

/* Begin PBXFrameworksBuildPhase section */
		0D6CA32E292216A300E02393 /* Frameworks */ = {
			isa = PBXFrameworksBuildPhase;
			buildActionMask = 2147483647;
			files = (
				0D6CA36B2922197D00E02393 /* SnapKit in Frameworks */,
				0D6CA368292218EB00E02393 /* RxSwift in Frameworks */,
				0D6CA366292218EB00E02393 /* RxCocoa in Frameworks */,
				0D707D5329222BEB00380B14 /* FirebaseFirestore in Frameworks */,
				0D707D5129222BEB00380B14 /* FirebaseAuth in Frameworks */,
				0D707D5529222BEB00380B14 /* FirebaseStorage in Frameworks */,
			);
			runOnlyForDeploymentPostprocessing = 0;
		};
		0D6CA344292216A400E02393 /* Frameworks */ = {
			isa = PBXFrameworksBuildPhase;
			buildActionMask = 2147483647;
			files = (
			);
			runOnlyForDeploymentPostprocessing = 0;
		};
		0D6CA34E292216A400E02393 /* Frameworks */ = {
			isa = PBXFrameworksBuildPhase;
			buildActionMask = 2147483647;
			files = (
			);
			runOnlyForDeploymentPostprocessing = 0;
		};
/* End PBXFrameworksBuildPhase section */

/* Begin PBXGroup section */
		0D6CA328292216A300E02393 = {
			isa = PBXGroup;
			children = (
				0D6CA333292216A300E02393 /* SpaceCapsule */,
				0D6CA34A292216A400E02393 /* SpaceCapsuleTests */,
				0D6CA354292216A400E02393 /* SpaceCapsuleUITests */,
				0D6CA332292216A300E02393 /* Products */,
			);
			sourceTree = "<group>";
		};
		0D6CA332292216A300E02393 /* Products */ = {
			isa = PBXGroup;
			children = (
				0D6CA331292216A300E02393 /* SpaceCapsule.app */,
				0D6CA347292216A400E02393 /* SpaceCapsuleTests.xctest */,
				0D6CA351292216A400E02393 /* SpaceCapsuleUITests.xctest */,
			);
			name = Products;
			sourceTree = "<group>";
		};
		0D6CA333292216A300E02393 /* SpaceCapsule */ = {
			isa = PBXGroup;
			children = (
				59F567F82923C1B100F756B2 /* GoogleService-Info.plist */,
				59F567F72923BE1E00F756B2 /* SpaceCapsule.entitlements */,
				0D90DAF5292397BF000DCC84 /* Extensions */,
				0D6CA342292216A400E02393 /* Info.plist */,
				0D6CA33D292216A400E02393 /* Assets.xcassets */,
				288A8E902923242D000229D2 /* App */,
				288A8E93292328AE000229D2 /* Base */,
				0D6CA33F292216A400E02393 /* LaunchScreen.storyboard */,
				288A8E9429235989000229D2 /* Scene */,
			);
			path = SpaceCapsule;
			sourceTree = "<group>";
		};
		0D6CA34A292216A400E02393 /* SpaceCapsuleTests */ = {
			isa = PBXGroup;
			children = (
				0D6CA34B292216A400E02393 /* SpaceCapsuleTests.swift */,
			);
			path = SpaceCapsuleTests;
			sourceTree = "<group>";
		};
		0D6CA354292216A400E02393 /* SpaceCapsuleUITests */ = {
			isa = PBXGroup;
			children = (
				0D6CA355292216A400E02393 /* SpaceCapsuleUITests.swift */,
				0D6CA357292216A400E02393 /* SpaceCapsuleUITestsLaunchTests.swift */,
			);
			path = SpaceCapsuleUITests;
			sourceTree = "<group>";
		};
		0D90DAF5292397BF000DCC84 /* Extensions */ = {
			isa = PBXGroup;
			children = (
				0D90DAF6292397CF000DCC84 /* UIColor+.swift */,
			);
			path = Extensions;
			sourceTree = "<group>";
		};
		28049CEE2923825A002389BD /* ViewModel */ = {
			isa = PBXGroup;
			children = (
				28049CEA29237E96002389BD /* BaseViewModel.swift */,
				28049CEC29238216002389BD /* Bindable.swift */,
			);
			path = ViewModel;
			sourceTree = "<group>";
		};
		28049CEF292382BB002389BD /* View */ = {
			isa = PBXGroup;
			children = (
				28049CE829237BB2002389BD /* BaseView.swift */,
			);
			path = View;
			sourceTree = "<group>";
		};
		28049CF0292382C7002389BD /* ViewController */ = {
			isa = PBXGroup;
			children = (
				28049CE629237B2B002389BD /* BaseViewController.swift */,
			);
			path = ViewController;
			sourceTree = "<group>";
		};
		288A8E902923242D000229D2 /* App */ = {
			isa = PBXGroup;
			children = (
				0D6CA334292216A300E02393 /* AppDelegate.swift */,
				0D6CA336292216A300E02393 /* SceneDelegate.swift */,
				288A8F0429236505000229D2 /* AppCoordinator.swift */,
			);
			path = App;
			sourceTree = "<group>";
		};
		288A8E93292328AE000229D2 /* Base */ = {
			isa = PBXGroup;
			children = (
				288A8E912923244D000229D2 /* Coordinator.swift */,
				28049CEF292382BB002389BD /* View */,
				28049CF0292382C7002389BD /* ViewController */,
				28049CEE2923825A002389BD /* ViewModel */,
			);
			path = Base;
			sourceTree = "<group>";
		};
		288A8E9429235989000229D2 /* Scene */ = {
			isa = PBXGroup;
			children = (
				288A8E95292359A6000229D2 /* Auth */,
				288A8EAA29235B0E000229D2 /* TabBar */,
			);
			path = Scene;
			sourceTree = "<group>";
		};
		288A8E95292359A6000229D2 /* Auth */ = {
			isa = PBXGroup;
			children = (
				288A8E96292359CF000229D2 /* AuthCoordinator.swift */,
				288A8E98292359E4000229D2 /* SignIn */,
				288A8E9929235A02000229D2 /* Nickname */,
			);
			path = Auth;
			sourceTree = "<group>";
		};
		288A8E98292359E4000229D2 /* SignIn */ = {
			isa = PBXGroup;
			children = (
				288A8E9A29235A6E000229D2 /* SignInView.swift */,
				288A8E9C29235A80000229D2 /* SignInViewController.swift */,
				288A8E9E29235A91000229D2 /* SignInViewModel.swift */,
				288A8EA029235AA1000229D2 /* SignInCoordinator.swift */,
			);
			path = SignIn;
			sourceTree = "<group>";
		};
		288A8E9929235A02000229D2 /* Nickname */ = {
			isa = PBXGroup;
			children = (
				288A8EA229235ADE000229D2 /* NicknameView.swift */,
				288A8EA429235AE8000229D2 /* NicknameViewController.swift */,
				288A8EA629235AF1000229D2 /* NicknameViewModel.swift */,
				288A8EA829235AFC000229D2 /* NicknameCoordinator.swift */,
			);
			path = Nickname;
			sourceTree = "<group>";
		};
		288A8EAA29235B0E000229D2 /* TabBar */ = {
			isa = PBXGroup;
			children = (
				288A8EAF29235B46000229D2 /* TabBarCoordinator.swift */,
				288A8EAB29235B1F000229D2 /* Home */,
				288A8EAD29235B2C000229D2 /* CapsuleList */,
				288A8ED129235C0B000229D2 /* CapsuleAdd */,
				288A8EAC29235B25000229D2 /* CapsuleMap */,
				288A8EAE29235B33000229D2 /* Profile */,
				288A8EED29236013000229D2 /* CapsuleAccess */,
			);
			path = TabBar;
			sourceTree = "<group>";
		};
		288A8EAB29235B1F000229D2 /* Home */ = {
			isa = PBXGroup;
			children = (
				288A8EC929235BDC000229D2 /* HomeView.swift */,
				288A8ECB29235BE9000229D2 /* HomeViewController.swift */,
				288A8ECD29235BEF000229D2 /* HomeViewModel.swift */,
				288A8ECF29235BF9000229D2 /* HomeCoordinator.swift */,
			);
			path = Home;
			sourceTree = "<group>";
		};
		288A8EAC29235B25000229D2 /* CapsuleMap */ = {
			isa = PBXGroup;
			children = (
				288A8EC129235BAF000229D2 /* CapsuleMapView.swift */,
				288A8EC329235BB7000229D2 /* CapsuleMapViewController.swift */,
				288A8EC529235BBD000229D2 /* CapsuleMapViewModel.swift */,
				288A8EC729235BCE000229D2 /* CapsuleMapCoordinator.swift */,
			);
			path = CapsuleMap;
			sourceTree = "<group>";
		};
		288A8EAD29235B2C000229D2 /* CapsuleList */ = {
			isa = PBXGroup;
			children = (
				288A8EB929235B86000229D2 /* CapsuleListView.swift */,
				288A8EBB29235B8E000229D2 /* CapsuleListViewController.swift */,
				288A8EBD29235B97000229D2 /* CapsuleListViewModel.swift */,
				288A8EBF29235BA5000229D2 /* CapsuleListCoordinator.swift */,
			);
			path = CapsuleList;
			sourceTree = "<group>";
		};
		288A8EAE29235B33000229D2 /* Profile */ = {
			isa = PBXGroup;
			children = (
				288A8EB129235B5A000229D2 /* ProfileView.swift */,
				288A8EB329235B62000229D2 /* ProfileViewController.swift */,
				288A8EB529235B69000229D2 /* ProfileViewModel.swift */,
				288A8EB729235B77000229D2 /* ProfileCoordinator.swift */,
			);
			path = Profile;
			sourceTree = "<group>";
		};
		288A8ED129235C0B000229D2 /* CapsuleAdd */ = {
			isa = PBXGroup;
			children = (
				288A8F02292362CC000229D2 /* CapsuleAddCoordinator.swift */,
				288A8EDC29235DDF000229D2 /* CapsuleCreate */,
				288A8EDB29235DD8000229D2 /* CapsuleLocate */,
				288A8EDA29235DD3000229D2 /* CapsuleClose */,
			);
			path = CapsuleAdd;
			sourceTree = "<group>";
		};
		288A8EDA29235DD3000229D2 /* CapsuleClose */ = {
			isa = PBXGroup;
			children = (
				288A8EE529235FD5000229D2 /* CapsuleCloseView.swift */,
				288A8EE729235FE2000229D2 /* CapsuleCloseViewController.swift */,
				288A8EE929235FF1000229D2 /* CapsuleCloseViewModel.swift */,
				0D90DAF229238B90000DCC84 /* CapsuleCloseCoordinator.swift */,
			);
			path = CapsuleClose;
			sourceTree = "<group>";
		};
		288A8EDB29235DD8000229D2 /* CapsuleLocate */ = {
			isa = PBXGroup;
			children = (
				288A8EDF29235E36000229D2 /* CapsuleLocateViewController.swift */,
				288A8EE129235E3F000229D2 /* CapsuleLocateViewModel.swift */,
				0D90DAEE29238B77000DCC84 /* CapsuleLocateView.swift */,
				0D90DAF029238B85000DCC84 /* CapsuleLocateCoordinator.swift */,
			);
			path = CapsuleLocate;
			sourceTree = "<group>";
		};
		288A8EDC29235DDF000229D2 /* CapsuleCreate */ = {
			isa = PBXGroup;
			children = (
				288A8ED229235C65000229D2 /* CapsuleCreateView.swift */,
				288A8ED429235C6F000229D2 /* CapsuleCreateViewController.swift */,
				288A8ED629235C77000229D2 /* CapsuleCreateViewModel.swift */,
				288A8ED829235C83000229D2 /* CapsuleCreateCoordinator.swift */,
			);
			path = CapsuleCreate;
			sourceTree = "<group>";
		};
		288A8EED29236013000229D2 /* CapsuleAccess */ = {
			isa = PBXGroup;
			children = (
				28049CE429236EEC002389BD /* CapsuleAccessCoordinator.swift */,
				288A8EEE29236055000229D2 /* CapsuleOpen */,
				288A8EEF29236061000229D2 /* CapsuleDetail */,
			);
			path = CapsuleAccess;
			sourceTree = "<group>";
		};
		288A8EEE29236055000229D2 /* CapsuleOpen */ = {
			isa = PBXGroup;
			children = (
				288A8EF029236075000229D2 /* CapsuleOpenView.swift */,
				288A8EF22923607D000229D2 /* CapsuleOpenViewController.swift */,
				288A8EF429236086000229D2 /* CapsuleOpenViewModel.swift */,
				288A8EF62923608F000229D2 /* CapsuleOpenCoordinator.swift */,
			);
			path = CapsuleOpen;
			sourceTree = "<group>";
		};
		288A8EEF29236061000229D2 /* CapsuleDetail */ = {
			isa = PBXGroup;
			children = (
				288A8EF82923609C000229D2 /* CapsuleDetailView.swift */,
				288A8EFA292360A4000229D2 /* CapsuleDetailViewController.swift */,
				288A8EFC292360AB000229D2 /* CapsuleDetailViewModel.swift */,
				288A8EFE292360BC000229D2 /* CapsuleDetailCoordinator.swift */,
			);
			path = CapsuleDetail;
			sourceTree = "<group>";
		};
/* End PBXGroup section */

/* Begin PBXNativeTarget section */
		0D6CA330292216A300E02393 /* SpaceCapsule */ = {
			isa = PBXNativeTarget;
			buildConfigurationList = 0D6CA35B292216A400E02393 /* Build configuration list for PBXNativeTarget "SpaceCapsule" */;
			buildPhases = (
				0D6CA36C29221A2900E02393 /* SwiftLint Script */,
				0D6CA32D292216A300E02393 /* Sources */,
				0D6CA32E292216A300E02393 /* Frameworks */,
				0D6CA32F292216A300E02393 /* Resources */,
			);
			buildRules = (
			);
			dependencies = (
			);
			name = SpaceCapsule;
			packageProductDependencies = (
				0D6CA365292218EB00E02393 /* RxCocoa */,
				0D6CA367292218EB00E02393 /* RxSwift */,
				0D6CA36A2922197D00E02393 /* SnapKit */,
				0D707D5029222BEB00380B14 /* FirebaseAuth */,
				0D707D5229222BEB00380B14 /* FirebaseFirestore */,
				0D707D5429222BEB00380B14 /* FirebaseStorage */,
			);
			productName = SpaceCapsule;
			productReference = 0D6CA331292216A300E02393 /* SpaceCapsule.app */;
			productType = "com.apple.product-type.application";
		};
		0D6CA346292216A400E02393 /* SpaceCapsuleTests */ = {
			isa = PBXNativeTarget;
			buildConfigurationList = 0D6CA35E292216A400E02393 /* Build configuration list for PBXNativeTarget "SpaceCapsuleTests" */;
			buildPhases = (
				0D6CA343292216A400E02393 /* Sources */,
				0D6CA344292216A400E02393 /* Frameworks */,
				0D6CA345292216A400E02393 /* Resources */,
			);
			buildRules = (
			);
			dependencies = (
				0D6CA349292216A400E02393 /* PBXTargetDependency */,
			);
			name = SpaceCapsuleTests;
			productName = SpaceCapsuleTests;
			productReference = 0D6CA347292216A400E02393 /* SpaceCapsuleTests.xctest */;
			productType = "com.apple.product-type.bundle.unit-test";
		};
		0D6CA350292216A400E02393 /* SpaceCapsuleUITests */ = {
			isa = PBXNativeTarget;
			buildConfigurationList = 0D6CA361292216A400E02393 /* Build configuration list for PBXNativeTarget "SpaceCapsuleUITests" */;
			buildPhases = (
				0D6CA34D292216A400E02393 /* Sources */,
				0D6CA34E292216A400E02393 /* Frameworks */,
				0D6CA34F292216A400E02393 /* Resources */,
			);
			buildRules = (
			);
			dependencies = (
				0D6CA353292216A400E02393 /* PBXTargetDependency */,
			);
			name = SpaceCapsuleUITests;
			productName = SpaceCapsuleUITests;
			productReference = 0D6CA351292216A400E02393 /* SpaceCapsuleUITests.xctest */;
			productType = "com.apple.product-type.bundle.ui-testing";
		};
/* End PBXNativeTarget section */

/* Begin PBXProject section */
		0D6CA329292216A300E02393 /* Project object */ = {
			isa = PBXProject;
			attributes = {
				BuildIndependentTargetsInParallel = 1;
				LastSwiftUpdateCheck = 1410;
				LastUpgradeCheck = 1410;
				TargetAttributes = {
					0D6CA330292216A300E02393 = {
						CreatedOnToolsVersion = 14.1;
					};
					0D6CA346292216A400E02393 = {
						CreatedOnToolsVersion = 14.1;
						TestTargetID = 0D6CA330292216A300E02393;
					};
					0D6CA350292216A400E02393 = {
						CreatedOnToolsVersion = 14.1;
						TestTargetID = 0D6CA330292216A300E02393;
					};
				};
			};
			buildConfigurationList = 0D6CA32C292216A300E02393 /* Build configuration list for PBXProject "SpaceCapsule" */;
			compatibilityVersion = "Xcode 14.0";
			developmentRegion = en;
			hasScannedForEncodings = 0;
			knownRegions = (
				en,
				Base,
			);
			mainGroup = 0D6CA328292216A300E02393;
			packageReferences = (
				0D6CA364292218EB00E02393 /* XCRemoteSwiftPackageReference "RxSwift" */,
				0D6CA3692922197D00E02393 /* XCRemoteSwiftPackageReference "SnapKit" */,
				0D707D4F29222BEB00380B14 /* XCRemoteSwiftPackageReference "firebase-ios-sdk" */,
			);
			productRefGroup = 0D6CA332292216A300E02393 /* Products */;
			projectDirPath = "";
			projectRoot = "";
			targets = (
				0D6CA330292216A300E02393 /* SpaceCapsule */,
				0D6CA346292216A400E02393 /* SpaceCapsuleTests */,
				0D6CA350292216A400E02393 /* SpaceCapsuleUITests */,
			);
		};
/* End PBXProject section */

/* Begin PBXResourcesBuildPhase section */
		0D6CA32F292216A300E02393 /* Resources */ = {
			isa = PBXResourcesBuildPhase;
			buildActionMask = 2147483647;
			files = (
				0D6CA341292216A400E02393 /* LaunchScreen.storyboard in Resources */,
				0D6CA33E292216A400E02393 /* Assets.xcassets in Resources */,
				59F567F92923C1B100F756B2 /* GoogleService-Info.plist in Resources */,
			);
			runOnlyForDeploymentPostprocessing = 0;
		};
		0D6CA345292216A400E02393 /* Resources */ = {
			isa = PBXResourcesBuildPhase;
			buildActionMask = 2147483647;
			files = (
			);
			runOnlyForDeploymentPostprocessing = 0;
		};
		0D6CA34F292216A400E02393 /* Resources */ = {
			isa = PBXResourcesBuildPhase;
			buildActionMask = 2147483647;
			files = (
			);
			runOnlyForDeploymentPostprocessing = 0;
		};
/* End PBXResourcesBuildPhase section */

/* Begin PBXShellScriptBuildPhase section */
		0D6CA36C29221A2900E02393 /* SwiftLint Script */ = {
			isa = PBXShellScriptBuildPhase;
			alwaysOutOfDate = 1;
			buildActionMask = 2147483647;
			files = (
			);
			inputFileListPaths = (
			);
			inputPaths = (
			);
			name = "SwiftLint Script";
			outputFileListPaths = (
			);
			outputPaths = (
			);
			runOnlyForDeploymentPostprocessing = 0;
			shellPath = /bin/sh;
			shellScript = "# Type a script or drag a script file from your workspace to insert its path.\nexport PATH=\"$PATH:/opt/homebrew/bin\"\nif which swiftlint > /dev/null; then\n  swiftlint\nelse\n  echo \"Warning: SwiftLint not installed!!\"\nfi\n";
		};
/* End PBXShellScriptBuildPhase section */

/* Begin PBXSourcesBuildPhase section */
		0D6CA32D292216A300E02393 /* Sources */ = {
			isa = PBXSourcesBuildPhase;
			buildActionMask = 2147483647;
			files = (
				288A8ECA29235BDC000229D2 /* HomeView.swift in Sources */,
				28049CEB29237E96002389BD /* BaseViewModel.swift in Sources */,
				288A8EFF292360BC000229D2 /* CapsuleDetailCoordinator.swift in Sources */,
				288A8EFB292360A4000229D2 /* CapsuleDetailViewController.swift in Sources */,
				288A8EF529236086000229D2 /* CapsuleOpenViewModel.swift in Sources */,
				288A8EA329235ADE000229D2 /* NicknameView.swift in Sources */,
				288A8EBA29235B86000229D2 /* CapsuleListView.swift in Sources */,
				288A8ED729235C77000229D2 /* CapsuleCreateViewModel.swift in Sources */,
				288A8EF32923607D000229D2 /* CapsuleOpenViewController.swift in Sources */,
				288A8EE029235E36000229D2 /* CapsuleLocateViewController.swift in Sources */,
				28049CE529236EEC002389BD /* CapsuleAccessCoordinator.swift in Sources */,
				288A8EBE29235B97000229D2 /* CapsuleListViewModel.swift in Sources */,
				288A8EA929235AFC000229D2 /* NicknameCoordinator.swift in Sources */,
				288A8EE629235FD5000229D2 /* CapsuleCloseView.swift in Sources */,
				0D90DAF7292397CF000DCC84 /* UIColor+.swift in Sources */,
				28049CE729237B2B002389BD /* BaseViewController.swift in Sources */,
				0D90DAF329238B90000DCC84 /* CapsuleCloseCoordinator.swift in Sources */,
				288A8ED329235C65000229D2 /* CapsuleCreateView.swift in Sources */,
				288A8E9D29235A80000229D2 /* SignInViewController.swift in Sources */,
				288A8E9B29235A6E000229D2 /* SignInView.swift in Sources */,
				288A8ED529235C6F000229D2 /* CapsuleCreateViewController.swift in Sources */,
				288A8EC629235BBD000229D2 /* CapsuleMapViewModel.swift in Sources */,
				288A8EEA29235FF1000229D2 /* CapsuleCloseViewModel.swift in Sources */,
				288A8EF92923609C000229D2 /* CapsuleDetailView.swift in Sources */,
				288A8E97292359CF000229D2 /* AuthCoordinator.swift in Sources */,
				288A8EC429235BB7000229D2 /* CapsuleMapViewController.swift in Sources */,
				288A8EC829235BCE000229D2 /* CapsuleMapCoordinator.swift in Sources */,
				288A8E922923244D000229D2 /* Coordinator.swift in Sources */,
				288A8EE829235FE2000229D2 /* CapsuleCloseViewController.swift in Sources */,
				288A8EB429235B62000229D2 /* ProfileViewController.swift in Sources */,
				288A8EC229235BAF000229D2 /* CapsuleMapView.swift in Sources */,
				288A8EA129235AA1000229D2 /* SignInCoordinator.swift in Sources */,
				288A8ED929235C83000229D2 /* CapsuleCreateCoordinator.swift in Sources */,
				288A8ECE29235BEF000229D2 /* HomeViewModel.swift in Sources */,
				28049CE929237BB2002389BD /* BaseView.swift in Sources */,
				288A8EFD292360AB000229D2 /* CapsuleDetailViewModel.swift in Sources */,
				288A8EE229235E3F000229D2 /* CapsuleLocateViewModel.swift in Sources */,
				288A8EB229235B5A000229D2 /* ProfileView.swift in Sources */,
				288A8ED029235BF9000229D2 /* HomeCoordinator.swift in Sources */,
				288A8EA529235AE8000229D2 /* NicknameViewController.swift in Sources */,
				288A8EF129236075000229D2 /* CapsuleOpenView.swift in Sources */,
				288A8E9F29235A91000229D2 /* SignInViewModel.swift in Sources */,
				0D90DAF129238B85000DCC84 /* CapsuleLocateCoordinator.swift in Sources */,
				288A8EA729235AF1000229D2 /* NicknameViewModel.swift in Sources */,
				288A8ECC29235BE9000229D2 /* HomeViewController.swift in Sources */,
				288A8EB029235B46000229D2 /* TabBarCoordinator.swift in Sources */,
				288A8EB629235B69000229D2 /* ProfileViewModel.swift in Sources */,
				0D6CA335292216A300E02393 /* AppDelegate.swift in Sources */,
				288A8EC029235BA5000229D2 /* CapsuleListCoordinator.swift in Sources */,
				288A8EB829235B77000229D2 /* ProfileCoordinator.swift in Sources */,
				28049CED29238216002389BD /* Bindable.swift in Sources */,
				288A8F03292362CC000229D2 /* CapsuleAddCoordinator.swift in Sources */,
				288A8EBC29235B8E000229D2 /* CapsuleListViewController.swift in Sources */,
				288A8F0529236505000229D2 /* AppCoordinator.swift in Sources */,
				288A8EF72923608F000229D2 /* CapsuleOpenCoordinator.swift in Sources */,
				0D6CA337292216A300E02393 /* SceneDelegate.swift in Sources */,
				0D90DAEF29238B77000DCC84 /* CapsuleLocateView.swift in Sources */,
			);
			runOnlyForDeploymentPostprocessing = 0;
		};
		0D6CA343292216A400E02393 /* Sources */ = {
			isa = PBXSourcesBuildPhase;
			buildActionMask = 2147483647;
			files = (
				0D6CA34C292216A400E02393 /* SpaceCapsuleTests.swift in Sources */,
			);
			runOnlyForDeploymentPostprocessing = 0;
		};
		0D6CA34D292216A400E02393 /* Sources */ = {
			isa = PBXSourcesBuildPhase;
			buildActionMask = 2147483647;
			files = (
				0D6CA356292216A400E02393 /* SpaceCapsuleUITests.swift in Sources */,
				0D6CA358292216A400E02393 /* SpaceCapsuleUITestsLaunchTests.swift in Sources */,
			);
			runOnlyForDeploymentPostprocessing = 0;
		};
/* End PBXSourcesBuildPhase section */

/* Begin PBXTargetDependency section */
		0D6CA349292216A400E02393 /* PBXTargetDependency */ = {
			isa = PBXTargetDependency;
			target = 0D6CA330292216A300E02393 /* SpaceCapsule */;
			targetProxy = 0D6CA348292216A400E02393 /* PBXContainerItemProxy */;
		};
		0D6CA353292216A400E02393 /* PBXTargetDependency */ = {
			isa = PBXTargetDependency;
			target = 0D6CA330292216A300E02393 /* SpaceCapsule */;
			targetProxy = 0D6CA352292216A400E02393 /* PBXContainerItemProxy */;
		};
/* End PBXTargetDependency section */

/* Begin PBXVariantGroup section */
		0D6CA33F292216A400E02393 /* LaunchScreen.storyboard */ = {
			isa = PBXVariantGroup;
			children = (
				0D6CA340292216A400E02393 /* Base */,
			);
			name = LaunchScreen.storyboard;
			sourceTree = "<group>";
		};
/* End PBXVariantGroup section */

/* Begin XCBuildConfiguration section */
		0D6CA359292216A400E02393 /* Debug */ = {
			isa = XCBuildConfiguration;
			buildSettings = {
				ALWAYS_SEARCH_USER_PATHS = NO;
				CLANG_ANALYZER_NONNULL = YES;
				CLANG_ANALYZER_NUMBER_OBJECT_CONVERSION = YES_AGGRESSIVE;
				CLANG_CXX_LANGUAGE_STANDARD = "gnu++20";
				CLANG_ENABLE_MODULES = YES;
				CLANG_ENABLE_OBJC_ARC = YES;
				CLANG_ENABLE_OBJC_WEAK = YES;
				CLANG_WARN_BLOCK_CAPTURE_AUTORELEASING = YES;
				CLANG_WARN_BOOL_CONVERSION = YES;
				CLANG_WARN_COMMA = YES;
				CLANG_WARN_CONSTANT_CONVERSION = YES;
				CLANG_WARN_DEPRECATED_OBJC_IMPLEMENTATIONS = YES;
				CLANG_WARN_DIRECT_OBJC_ISA_USAGE = YES_ERROR;
				CLANG_WARN_DOCUMENTATION_COMMENTS = YES;
				CLANG_WARN_EMPTY_BODY = YES;
				CLANG_WARN_ENUM_CONVERSION = YES;
				CLANG_WARN_INFINITE_RECURSION = YES;
				CLANG_WARN_INT_CONVERSION = YES;
				CLANG_WARN_NON_LITERAL_NULL_CONVERSION = YES;
				CLANG_WARN_OBJC_IMPLICIT_RETAIN_SELF = YES;
				CLANG_WARN_OBJC_LITERAL_CONVERSION = YES;
				CLANG_WARN_OBJC_ROOT_CLASS = YES_ERROR;
				CLANG_WARN_QUOTED_INCLUDE_IN_FRAMEWORK_HEADER = YES;
				CLANG_WARN_RANGE_LOOP_ANALYSIS = YES;
				CLANG_WARN_STRICT_PROTOTYPES = YES;
				CLANG_WARN_SUSPICIOUS_MOVE = YES;
				CLANG_WARN_UNGUARDED_AVAILABILITY = YES_AGGRESSIVE;
				CLANG_WARN_UNREACHABLE_CODE = YES;
				CLANG_WARN__DUPLICATE_METHOD_MATCH = YES;
				COPY_PHASE_STRIP = NO;
				DEBUG_INFORMATION_FORMAT = dwarf;
				ENABLE_STRICT_OBJC_MSGSEND = YES;
				ENABLE_TESTABILITY = YES;
				GCC_C_LANGUAGE_STANDARD = gnu11;
				GCC_DYNAMIC_NO_PIC = NO;
				GCC_NO_COMMON_BLOCKS = YES;
				GCC_OPTIMIZATION_LEVEL = 0;
				GCC_PREPROCESSOR_DEFINITIONS = (
					"DEBUG=1",
					"$(inherited)",
				);
				GCC_WARN_64_TO_32_BIT_CONVERSION = YES;
				GCC_WARN_ABOUT_RETURN_TYPE = YES_ERROR;
				GCC_WARN_UNDECLARED_SELECTOR = YES;
				GCC_WARN_UNINITIALIZED_AUTOS = YES_AGGRESSIVE;
				GCC_WARN_UNUSED_FUNCTION = YES;
				GCC_WARN_UNUSED_VARIABLE = YES;
				IPHONEOS_DEPLOYMENT_TARGET = 16.1;
				MTL_ENABLE_DEBUG_INFO = INCLUDE_SOURCE;
				MTL_FAST_MATH = YES;
				ONLY_ACTIVE_ARCH = YES;
				SDKROOT = iphoneos;
				SWIFT_ACTIVE_COMPILATION_CONDITIONS = DEBUG;
				SWIFT_OPTIMIZATION_LEVEL = "-Onone";
			};
			name = Debug;
		};
		0D6CA35A292216A400E02393 /* Release */ = {
			isa = XCBuildConfiguration;
			buildSettings = {
				ALWAYS_SEARCH_USER_PATHS = NO;
				CLANG_ANALYZER_NONNULL = YES;
				CLANG_ANALYZER_NUMBER_OBJECT_CONVERSION = YES_AGGRESSIVE;
				CLANG_CXX_LANGUAGE_STANDARD = "gnu++20";
				CLANG_ENABLE_MODULES = YES;
				CLANG_ENABLE_OBJC_ARC = YES;
				CLANG_ENABLE_OBJC_WEAK = YES;
				CLANG_WARN_BLOCK_CAPTURE_AUTORELEASING = YES;
				CLANG_WARN_BOOL_CONVERSION = YES;
				CLANG_WARN_COMMA = YES;
				CLANG_WARN_CONSTANT_CONVERSION = YES;
				CLANG_WARN_DEPRECATED_OBJC_IMPLEMENTATIONS = YES;
				CLANG_WARN_DIRECT_OBJC_ISA_USAGE = YES_ERROR;
				CLANG_WARN_DOCUMENTATION_COMMENTS = YES;
				CLANG_WARN_EMPTY_BODY = YES;
				CLANG_WARN_ENUM_CONVERSION = YES;
				CLANG_WARN_INFINITE_RECURSION = YES;
				CLANG_WARN_INT_CONVERSION = YES;
				CLANG_WARN_NON_LITERAL_NULL_CONVERSION = YES;
				CLANG_WARN_OBJC_IMPLICIT_RETAIN_SELF = YES;
				CLANG_WARN_OBJC_LITERAL_CONVERSION = YES;
				CLANG_WARN_OBJC_ROOT_CLASS = YES_ERROR;
				CLANG_WARN_QUOTED_INCLUDE_IN_FRAMEWORK_HEADER = YES;
				CLANG_WARN_RANGE_LOOP_ANALYSIS = YES;
				CLANG_WARN_STRICT_PROTOTYPES = YES;
				CLANG_WARN_SUSPICIOUS_MOVE = YES;
				CLANG_WARN_UNGUARDED_AVAILABILITY = YES_AGGRESSIVE;
				CLANG_WARN_UNREACHABLE_CODE = YES;
				CLANG_WARN__DUPLICATE_METHOD_MATCH = YES;
				COPY_PHASE_STRIP = NO;
				DEBUG_INFORMATION_FORMAT = "dwarf-with-dsym";
				ENABLE_NS_ASSERTIONS = NO;
				ENABLE_STRICT_OBJC_MSGSEND = YES;
				GCC_C_LANGUAGE_STANDARD = gnu11;
				GCC_NO_COMMON_BLOCKS = YES;
				GCC_WARN_64_TO_32_BIT_CONVERSION = YES;
				GCC_WARN_ABOUT_RETURN_TYPE = YES_ERROR;
				GCC_WARN_UNDECLARED_SELECTOR = YES;
				GCC_WARN_UNINITIALIZED_AUTOS = YES_AGGRESSIVE;
				GCC_WARN_UNUSED_FUNCTION = YES;
				GCC_WARN_UNUSED_VARIABLE = YES;
				IPHONEOS_DEPLOYMENT_TARGET = 16.1;
				MTL_ENABLE_DEBUG_INFO = NO;
				MTL_FAST_MATH = YES;
				SDKROOT = iphoneos;
				SWIFT_COMPILATION_MODE = wholemodule;
				SWIFT_OPTIMIZATION_LEVEL = "-O";
				VALIDATE_PRODUCT = YES;
			};
			name = Release;
		};
		0D6CA35C292216A400E02393 /* Debug */ = {
			isa = XCBuildConfiguration;
			buildSettings = {
				ASSETCATALOG_COMPILER_APPICON_NAME = AppIcon;
				ASSETCATALOG_COMPILER_GLOBAL_ACCENT_COLOR_NAME = AccentColor;
				CODE_SIGN_ENTITLEMENTS = SpaceCapsule/SpaceCapsule.entitlements;
				CODE_SIGN_STYLE = Automatic;
				CURRENT_PROJECT_VERSION = 1;
				DEVELOPMENT_TEAM = 4G6ZD4247R;
				GENERATE_INFOPLIST_FILE = YES;
				INFOPLIST_FILE = SpaceCapsule/Info.plist;
				INFOPLIST_KEY_UIApplicationSupportsIndirectInputEvents = YES;
				INFOPLIST_KEY_UILaunchStoryboardName = LaunchScreen;
				INFOPLIST_KEY_UIMainStoryboardFile = "";
				INFOPLIST_KEY_UISupportedInterfaceOrientations_iPad = "UIInterfaceOrientationPortrait UIInterfaceOrientationPortraitUpsideDown UIInterfaceOrientationLandscapeLeft UIInterfaceOrientationLandscapeRight";
				INFOPLIST_KEY_UISupportedInterfaceOrientations_iPhone = "UIInterfaceOrientationPortrait UIInterfaceOrientationLandscapeLeft UIInterfaceOrientationLandscapeRight";
				LD_RUNPATH_SEARCH_PATHS = (
					"$(inherited)",
					"@executable_path/Frameworks",
				);
				MARKETING_VERSION = 1.0;
				PRODUCT_BUNDLE_IDENTIFIER = com.boostcamp.BoogieSpaceCapsule;
				PRODUCT_NAME = "$(TARGET_NAME)";
				SWIFT_EMIT_LOC_STRINGS = YES;
				SWIFT_VERSION = 5.0;
				TARGETED_DEVICE_FAMILY = "1,2";
			};
			name = Debug;
		};
		0D6CA35D292216A400E02393 /* Release */ = {
			isa = XCBuildConfiguration;
			buildSettings = {
				ASSETCATALOG_COMPILER_APPICON_NAME = AppIcon;
				ASSETCATALOG_COMPILER_GLOBAL_ACCENT_COLOR_NAME = AccentColor;
				CODE_SIGN_ENTITLEMENTS = SpaceCapsule/SpaceCapsule.entitlements;
				CODE_SIGN_STYLE = Automatic;
				CURRENT_PROJECT_VERSION = 1;
				DEVELOPMENT_TEAM = 4G6ZD4247R;
				GENERATE_INFOPLIST_FILE = YES;
				INFOPLIST_FILE = SpaceCapsule/Info.plist;
				INFOPLIST_KEY_UIApplicationSupportsIndirectInputEvents = YES;
				INFOPLIST_KEY_UILaunchStoryboardName = LaunchScreen;
				INFOPLIST_KEY_UIMainStoryboardFile = "";
				INFOPLIST_KEY_UISupportedInterfaceOrientations_iPad = "UIInterfaceOrientationPortrait UIInterfaceOrientationPortraitUpsideDown UIInterfaceOrientationLandscapeLeft UIInterfaceOrientationLandscapeRight";
				INFOPLIST_KEY_UISupportedInterfaceOrientations_iPhone = "UIInterfaceOrientationPortrait UIInterfaceOrientationLandscapeLeft UIInterfaceOrientationLandscapeRight";
				LD_RUNPATH_SEARCH_PATHS = (
					"$(inherited)",
					"@executable_path/Frameworks",
				);
				MARKETING_VERSION = 1.0;
				PRODUCT_BUNDLE_IDENTIFIER = com.boostcamp.BoogieSpaceCapsule;
				PRODUCT_NAME = "$(TARGET_NAME)";
				SWIFT_EMIT_LOC_STRINGS = YES;
				SWIFT_VERSION = 5.0;
				TARGETED_DEVICE_FAMILY = "1,2";
			};
			name = Release;
		};
		0D6CA35F292216A400E02393 /* Debug */ = {
			isa = XCBuildConfiguration;
			buildSettings = {
				ALWAYS_EMBED_SWIFT_STANDARD_LIBRARIES = YES;
				BUNDLE_LOADER = "$(TEST_HOST)";
				CODE_SIGN_STYLE = Automatic;
				CURRENT_PROJECT_VERSION = 1;
				DEVELOPMENT_TEAM = 4G6ZD4247R;
				GENERATE_INFOPLIST_FILE = YES;
				IPHONEOS_DEPLOYMENT_TARGET = 16.1;
				MARKETING_VERSION = 1.0;
				PRODUCT_BUNDLE_IDENTIFIER = com.boostcamp.boogie.SpaceCapsuleTests;
				PRODUCT_NAME = "$(TARGET_NAME)";
				SWIFT_EMIT_LOC_STRINGS = NO;
				SWIFT_VERSION = 5.0;
				TARGETED_DEVICE_FAMILY = "1,2";
				TEST_HOST = "$(BUILT_PRODUCTS_DIR)/SpaceCapsule.app/$(BUNDLE_EXECUTABLE_FOLDER_PATH)/SpaceCapsule";
			};
			name = Debug;
		};
		0D6CA360292216A400E02393 /* Release */ = {
			isa = XCBuildConfiguration;
			buildSettings = {
				ALWAYS_EMBED_SWIFT_STANDARD_LIBRARIES = YES;
				BUNDLE_LOADER = "$(TEST_HOST)";
				CODE_SIGN_STYLE = Automatic;
				CURRENT_PROJECT_VERSION = 1;
				DEVELOPMENT_TEAM = 4G6ZD4247R;
				GENERATE_INFOPLIST_FILE = YES;
				IPHONEOS_DEPLOYMENT_TARGET = 16.1;
				MARKETING_VERSION = 1.0;
				PRODUCT_BUNDLE_IDENTIFIER = com.boostcamp.boogie.SpaceCapsuleTests;
				PRODUCT_NAME = "$(TARGET_NAME)";
				SWIFT_EMIT_LOC_STRINGS = NO;
				SWIFT_VERSION = 5.0;
				TARGETED_DEVICE_FAMILY = "1,2";
				TEST_HOST = "$(BUILT_PRODUCTS_DIR)/SpaceCapsule.app/$(BUNDLE_EXECUTABLE_FOLDER_PATH)/SpaceCapsule";
			};
			name = Release;
		};
		0D6CA362292216A400E02393 /* Debug */ = {
			isa = XCBuildConfiguration;
			buildSettings = {
				ALWAYS_EMBED_SWIFT_STANDARD_LIBRARIES = YES;
				CODE_SIGN_STYLE = Automatic;
				CURRENT_PROJECT_VERSION = 1;
				DEVELOPMENT_TEAM = 4G6ZD4247R;
				GENERATE_INFOPLIST_FILE = YES;
				MARKETING_VERSION = 1.0;
				PRODUCT_BUNDLE_IDENTIFIER = com.boostcamp.boogie.SpaceCapsuleUITests;
				PRODUCT_NAME = "$(TARGET_NAME)";
				SWIFT_EMIT_LOC_STRINGS = NO;
				SWIFT_VERSION = 5.0;
				TARGETED_DEVICE_FAMILY = "1,2";
				TEST_TARGET_NAME = SpaceCapsule;
			};
			name = Debug;
		};
		0D6CA363292216A400E02393 /* Release */ = {
			isa = XCBuildConfiguration;
			buildSettings = {
				ALWAYS_EMBED_SWIFT_STANDARD_LIBRARIES = YES;
				CODE_SIGN_STYLE = Automatic;
				CURRENT_PROJECT_VERSION = 1;
				DEVELOPMENT_TEAM = 4G6ZD4247R;
				GENERATE_INFOPLIST_FILE = YES;
				MARKETING_VERSION = 1.0;
				PRODUCT_BUNDLE_IDENTIFIER = com.boostcamp.boogie.SpaceCapsuleUITests;
				PRODUCT_NAME = "$(TARGET_NAME)";
				SWIFT_EMIT_LOC_STRINGS = NO;
				SWIFT_VERSION = 5.0;
				TARGETED_DEVICE_FAMILY = "1,2";
				TEST_TARGET_NAME = SpaceCapsule;
			};
			name = Release;
		};
/* End XCBuildConfiguration section */

/* Begin XCConfigurationList section */
		0D6CA32C292216A300E02393 /* Build configuration list for PBXProject "SpaceCapsule" */ = {
			isa = XCConfigurationList;
			buildConfigurations = (
				0D6CA359292216A400E02393 /* Debug */,
				0D6CA35A292216A400E02393 /* Release */,
			);
			defaultConfigurationIsVisible = 0;
			defaultConfigurationName = Release;
		};
		0D6CA35B292216A400E02393 /* Build configuration list for PBXNativeTarget "SpaceCapsule" */ = {
			isa = XCConfigurationList;
			buildConfigurations = (
				0D6CA35C292216A400E02393 /* Debug */,
				0D6CA35D292216A400E02393 /* Release */,
			);
			defaultConfigurationIsVisible = 0;
			defaultConfigurationName = Release;
		};
		0D6CA35E292216A400E02393 /* Build configuration list for PBXNativeTarget "SpaceCapsuleTests" */ = {
			isa = XCConfigurationList;
			buildConfigurations = (
				0D6CA35F292216A400E02393 /* Debug */,
				0D6CA360292216A400E02393 /* Release */,
			);
			defaultConfigurationIsVisible = 0;
			defaultConfigurationName = Release;
		};
		0D6CA361292216A400E02393 /* Build configuration list for PBXNativeTarget "SpaceCapsuleUITests" */ = {
			isa = XCConfigurationList;
			buildConfigurations = (
				0D6CA362292216A400E02393 /* Debug */,
				0D6CA363292216A400E02393 /* Release */,
			);
			defaultConfigurationIsVisible = 0;
			defaultConfigurationName = Release;
		};
/* End XCConfigurationList section */

/* Begin XCRemoteSwiftPackageReference section */
		0D6CA364292218EB00E02393 /* XCRemoteSwiftPackageReference "RxSwift" */ = {
			isa = XCRemoteSwiftPackageReference;
			repositoryURL = "https://github.com/ReactiveX/RxSwift";
			requirement = {
				kind = upToNextMajorVersion;
				minimumVersion = 6.0.0;
			};
		};
		0D6CA3692922197D00E02393 /* XCRemoteSwiftPackageReference "SnapKit" */ = {
			isa = XCRemoteSwiftPackageReference;
			repositoryURL = "https://github.com/SnapKit/SnapKit.git";
			requirement = {
				kind = upToNextMajorVersion;
				minimumVersion = 5.0.0;
			};
		};
		0D707D4F29222BEB00380B14 /* XCRemoteSwiftPackageReference "firebase-ios-sdk" */ = {
			isa = XCRemoteSwiftPackageReference;
			repositoryURL = "https://github.com/firebase/firebase-ios-sdk";
			requirement = {
				branch = master;
				kind = branch;
			};
		};
/* End XCRemoteSwiftPackageReference section */

/* Begin XCSwiftPackageProductDependency section */
		0D6CA365292218EB00E02393 /* RxCocoa */ = {
			isa = XCSwiftPackageProductDependency;
			package = 0D6CA364292218EB00E02393 /* XCRemoteSwiftPackageReference "RxSwift" */;
			productName = RxCocoa;
		};
		0D6CA367292218EB00E02393 /* RxSwift */ = {
			isa = XCSwiftPackageProductDependency;
			package = 0D6CA364292218EB00E02393 /* XCRemoteSwiftPackageReference "RxSwift" */;
			productName = RxSwift;
		};
		0D6CA36A2922197D00E02393 /* SnapKit */ = {
			isa = XCSwiftPackageProductDependency;
			package = 0D6CA3692922197D00E02393 /* XCRemoteSwiftPackageReference "SnapKit" */;
			productName = SnapKit;
		};
		0D707D5029222BEB00380B14 /* FirebaseAuth */ = {
			isa = XCSwiftPackageProductDependency;
			package = 0D707D4F29222BEB00380B14 /* XCRemoteSwiftPackageReference "firebase-ios-sdk" */;
			productName = FirebaseAuth;
		};
		0D707D5229222BEB00380B14 /* FirebaseFirestore */ = {
			isa = XCSwiftPackageProductDependency;
			package = 0D707D4F29222BEB00380B14 /* XCRemoteSwiftPackageReference "firebase-ios-sdk" */;
			productName = FirebaseFirestore;
		};
		0D707D5429222BEB00380B14 /* FirebaseStorage */ = {
			isa = XCSwiftPackageProductDependency;
			package = 0D707D4F29222BEB00380B14 /* XCRemoteSwiftPackageReference "firebase-ios-sdk" */;
			productName = FirebaseStorage;
		};
/* End XCSwiftPackageProductDependency section */
	};
	rootObject = 0D6CA329292216A300E02393 /* Project object */;
}
